// !$*UTF8*$!
{
	archiveVersion = 1;
	classes = {
	};
	objectVersion = 46;
	objects = {

/* Begin PBXBuildFile section */
		1F56F6591CB0975B00C3D37A /* tmx_helper_functions.cpp in Sources */ = {isa = PBXBuildFile; fileRef = 1F56F6571CB0975B00C3D37A /* tmx_helper_functions.cpp */; };
		1FC358A21CAB06EE0023AE10 /* main.cpp in Sources */ = {isa = PBXBuildFile; fileRef = 1FC358A11CAB06EE0023AE10 /* main.cpp */; };
		1FC358AA1CAB0BA00023AE10 /* tmx_map.cpp in Sources */ = {isa = PBXBuildFile; fileRef = 1FC358A81CAB0BA00023AE10 /* tmx_map.cpp */; };
/* End PBXBuildFile section */

/* Begin PBXCopyFilesBuildPhase section */
		1FC3589C1CAB06EE0023AE10 /* CopyFiles */ = {
			isa = PBXCopyFilesBuildPhase;
			buildActionMask = 2147483647;
			dstPath = /usr/share/man/man1/;
			dstSubfolderSpec = 0;
			files = (
			);
			runOnlyForDeploymentPostprocessing = 1;
		};
/* End PBXCopyFilesBuildPhase section */

/* Begin PBXFileReference section */
		1F56F6561CAE077B00C3D37A /* TODO */ = {isa = PBXFileReference; fileEncoding = 4; lastKnownFileType = text; path = TODO; sourceTree = "<group>"; };
		1F56F6571CB0975B00C3D37A /* tmx_helper_functions.cpp */ = {isa = PBXFileReference; fileEncoding = 4; lastKnownFileType = sourcecode.cpp.cpp; path = tmx_helper_functions.cpp; sourceTree = "<group>"; };
		1F56F6581CB0975B00C3D37A /* tmx_helper_functions.hpp */ = {isa = PBXFileReference; fileEncoding = 4; lastKnownFileType = sourcecode.cpp.h; path = tmx_helper_functions.hpp; sourceTree = "<group>"; };
		1FC3589E1CAB06EE0023AE10 /* tiled_loader */ = {isa = PBXFileReference; explicitFileType = "compiled.mach-o.executable"; includeInIndex = 0; path = tiled_loader; sourceTree = BUILT_PRODUCTS_DIR; };
		1FC358A11CAB06EE0023AE10 /* main.cpp */ = {isa = PBXFileReference; lastKnownFileType = sourcecode.cpp.cpp; path = main.cpp; sourceTree = "<group>"; };
		1FC358A81CAB0BA00023AE10 /* tmx_map.cpp */ = {isa = PBXFileReference; fileEncoding = 4; lastKnownFileType = sourcecode.cpp.cpp; path = tmx_map.cpp; sourceTree = "<group>"; };
		1FC358A91CAB0BA00023AE10 /* tmx_map.hpp */ = {isa = PBXFileReference; fileEncoding = 4; lastKnownFileType = sourcecode.cpp.h; path = tmx_map.hpp; sourceTree = "<group>"; };
/* End PBXFileReference section */

/* Begin PBXFrameworksBuildPhase section */
		1FC3589B1CAB06EE0023AE10 /* Frameworks */ = {
			isa = PBXFrameworksBuildPhase;
			buildActionMask = 2147483647;
			files = (
			);
			runOnlyForDeploymentPostprocessing = 0;
		};
/* End PBXFrameworksBuildPhase section */

/* Begin PBXGroup section */
		1FC358951CAB06EE0023AE10 = {
			isa = PBXGroup;
			children = (
				1FC358A01CAB06EE0023AE10 /* tiled_loader */,
				1FC3589F1CAB06EE0023AE10 /* Products */,
			);
			sourceTree = "<group>";
		};
		1FC3589F1CAB06EE0023AE10 /* Products */ = {
			isa = PBXGroup;
			children = (
				1FC3589E1CAB06EE0023AE10 /* tiled_loader */,
			);
			name = Products;
			sourceTree = "<group>";
		};
		1FC358A01CAB06EE0023AE10 /* tiled_loader */ = {
			isa = PBXGroup;
			children = (
				1FC358A11CAB06EE0023AE10 /* main.cpp */,
				1FC358A81CAB0BA00023AE10 /* tmx_map.cpp */,
				1FC358A91CAB0BA00023AE10 /* tmx_map.hpp */,
				1F56F6561CAE077B00C3D37A /* TODO */,
				1F56F6571CB0975B00C3D37A /* tmx_helper_functions.cpp */,
				1F56F6581CB0975B00C3D37A /* tmx_helper_functions.hpp */,
			);
			path = tiled_loader;
			sourceTree = "<group>";
		};
/* End PBXGroup section */

/* Begin PBXNativeTarget section */
		1FC3589D1CAB06EE0023AE10 /* tiled_loader */ = {
			isa = PBXNativeTarget;
			buildConfigurationList = 1FC358A51CAB06EE0023AE10 /* Build configuration list for PBXNativeTarget "tiled_loader" */;
			buildPhases = (
				1FC3589A1CAB06EE0023AE10 /* Sources */,
				1FC3589B1CAB06EE0023AE10 /* Frameworks */,
				1FC3589C1CAB06EE0023AE10 /* CopyFiles */,
			);
			buildRules = (
			);
			dependencies = (
			);
			name = tiled_loader;
			productName = tiled_loader;
			productReference = 1FC3589E1CAB06EE0023AE10 /* tiled_loader */;
			productType = "com.apple.product-type.tool";
		};
/* End PBXNativeTarget section */

/* Begin PBXProject section */
		1FC358961CAB06EE0023AE10 /* Project object */ = {
			isa = PBXProject;
			attributes = {
				LastUpgradeCheck = 0730;
				ORGANIZATIONNAME = "Marcel Ochsendorf";
				TargetAttributes = {
					1FC3589D1CAB06EE0023AE10 = {
						CreatedOnToolsVersion = 7.3;
					};
				};
			};
			buildConfigurationList = 1FC358991CAB06EE0023AE10 /* Build configuration list for PBXProject "tiled_loader" */;
			compatibilityVersion = "Xcode 3.2";
			developmentRegion = English;
			hasScannedForEncodings = 0;
			knownRegions = (
				en,
			);
			mainGroup = 1FC358951CAB06EE0023AE10;
			productRefGroup = 1FC3589F1CAB06EE0023AE10 /* Products */;
			projectDirPath = "";
			projectRoot = "";
			targets = (
				1FC3589D1CAB06EE0023AE10 /* tiled_loader */,
			);
		};
/* End PBXProject section */

/* Begin PBXSourcesBuildPhase section */
		1FC3589A1CAB06EE0023AE10 /* Sources */ = {
			isa = PBXSourcesBuildPhase;
			buildActionMask = 2147483647;
			files = (
				1FC358AA1CAB0BA00023AE10 /* tmx_map.cpp in Sources */,
				1FC358A21CAB06EE0023AE10 /* main.cpp in Sources */,
				1F56F6591CB0975B00C3D37A /* tmx_helper_functions.cpp in Sources */,
			);
			runOnlyForDeploymentPostprocessing = 0;
		};
/* End PBXSourcesBuildPhase section */

/* Begin XCBuildConfiguration section */
		1FC358A31CAB06EE0023AE10 /* Debug */ = {
			isa = XCBuildConfiguration;
			buildSettings = {
				ALWAYS_SEARCH_USER_PATHS = NO;
				CLANG_ANALYZER_NONNULL = YES;
				CLANG_CXX_LANGUAGE_STANDARD = "gnu++0x";
				CLANG_CXX_LIBRARY = "libc++";
				CLANG_ENABLE_MODULES = YES;
				CLANG_ENABLE_OBJC_ARC = YES;
				CLANG_WARN_BOOL_CONVERSION = YES;
				CLANG_WARN_CONSTANT_CONVERSION = YES;
				CLANG_WARN_DIRECT_OBJC_ISA_USAGE = YES_ERROR;
				CLANG_WARN_EMPTY_BODY = YES;
				CLANG_WARN_ENUM_CONVERSION = YES;
				CLANG_WARN_INT_CONVERSION = YES;
				CLANG_WARN_OBJC_ROOT_CLASS = YES_ERROR;
				CLANG_WARN_UNREACHABLE_CODE = YES;
				CLANG_WARN__DUPLICATE_METHOD_MATCH = YES;
				CODE_SIGN_IDENTITY = "-";
				COPY_PHASE_STRIP = NO;
				DEBUG_INFORMATION_FORMAT = dwarf;
				ENABLE_STRICT_OBJC_MSGSEND = YES;
				ENABLE_TESTABILITY = YES;
				GCC_C_LANGUAGE_STANDARD = gnu99;
				GCC_DYNAMIC_NO_PIC = NO;
				GCC_NO_COMMON_BLOCKS = YES;
				GCC_OPTIMIZATION_LEVEL = 0;
				GCC_PREPROCESSOR_DEFINITIONS = (
					"DEBUG=1",
					"$(inherited)",
				);
				GCC_WARN_64_TO_32_BIT_CONVERSION = YES;
				GCC_WARN_ABOUT_RETURN_TYPE = YES_ERROR;
				GCC_WARN_UNDECLARED_SELECTOR = YES;
				GCC_WARN_UNINITIALIZED_AUTOS = YES_AGGRESSIVE;
				GCC_WARN_UNUSED_FUNCTION = YES;
				GCC_WARN_UNUSED_VARIABLE = YES;
				MACOSX_DEPLOYMENT_TARGET = 10.11;
				MTL_ENABLE_DEBUG_INFO = YES;
				ONLY_ACTIVE_ARCH = YES;
				SDKROOT = macosx;
			};
			name = Debug;
		};
		1FC358A41CAB06EE0023AE10 /* Release */ = {
			isa = XCBuildConfiguration;
			buildSettings = {
				ALWAYS_SEARCH_USER_PATHS = NO;
				CLANG_ANALYZER_NONNULL = YES;
				CLANG_CXX_LANGUAGE_STANDARD = "gnu++0x";
				CLANG_CXX_LIBRARY = "libc++";
				CLANG_ENABLE_MODULES = YES;
				CLANG_ENABLE_OBJC_ARC = YES;
				CLANG_WARN_BOOL_CONVERSION = YES;
				CLANG_WARN_CONSTANT_CONVERSION = YES;
				CLANG_WARN_DIRECT_OBJC_ISA_USAGE = YES_ERROR;
				CLANG_WARN_EMPTY_BODY = YES;
				CLANG_WARN_ENUM_CONVERSION = YES;
				CLANG_WARN_INT_CONVERSION = YES;
				CLANG_WARN_OBJC_ROOT_CLASS = YES_ERROR;
				CLANG_WARN_UNREACHABLE_CODE = YES;
				CLANG_WARN__DUPLICATE_METHOD_MATCH = YES;
				CODE_SIGN_IDENTITY = "-";
				COPY_PHASE_STRIP = NO;
				DEBUG_INFORMATION_FORMAT = "dwarf-with-dsym";
				ENABLE_NS_ASSERTIONS = NO;
				ENABLE_STRICT_OBJC_MSGSEND = YES;
				GCC_C_LANGUAGE_STANDARD = gnu99;
				GCC_NO_COMMON_BLOCKS = YES;
				GCC_WARN_64_TO_32_BIT_CONVERSION = YES;
				GCC_WARN_ABOUT_RETURN_TYPE = YES_ERROR;
				GCC_WARN_UNDECLARED_SELECTOR = YES;
				GCC_WARN_UNINITIALIZED_AUTOS = YES_AGGRESSIVE;
				GCC_WARN_UNUSED_FUNCTION = YES;
				GCC_WARN_UNUSED_VARIABLE = YES;
				MACOSX_DEPLOYMENT_TARGET = 10.11;
				MTL_ENABLE_DEBUG_INFO = NO;
				SDKROOT = macosx;
			};
			name = Release;
		};
		1FC358A61CAB06EE0023AE10 /* Debug */ = {
			isa = XCBuildConfiguration;
			buildSettings = {
				HEADER_SEARCH_PATHS = /usr/include/malloc;
				PRODUCT_NAME = "$(TARGET_NAME)";
			};
			name = Debug;
		};
		1FC358A71CAB06EE0023AE10 /* Release */ = {
			isa = XCBuildConfiguration;
			buildSettings = {
				PRODUCT_NAME = "$(TARGET_NAME)";
			};
			name = Release;
		};
/* End XCBuildConfiguration section */

/* Begin XCConfigurationList section */
		1FC358991CAB06EE0023AE10 /* Build configuration list for PBXProject "tiled_loader" */ = {
			isa = XCConfigurationList;
			buildConfigurations = (
				1FC358A31CAB06EE0023AE10 /* Debug */,
				1FC358A41CAB06EE0023AE10 /* Release */,
			);
			defaultConfigurationIsVisible = 0;
			defaultConfigurationName = Release;
		};
		1FC358A51CAB06EE0023AE10 /* Build configuration list for PBXNativeTarget "tiled_loader" */ = {
			isa = XCConfigurationList;
			buildConfigurations = (
				1FC358A61CAB06EE0023AE10 /* Debug */,
				1FC358A71CAB06EE0023AE10 /* Release */,
			);
			defaultConfigurationIsVisible = 0;
			defaultConfigurationName = Release;
		};
/* End XCConfigurationList section */
	};
	rootObject = 1FC358961CAB06EE0023AE10 /* Project object */;
}
