// !$*UTF8*$!
{
	archiveVersion = 1;
	classes = {
	};
	objectVersion = 46;
	objects = {

/* Begin PBXAggregateTarget section */
		A225F91D37DD48DAA93F9C60 /* ZERO_CHECK */ = {
			isa = PBXAggregateTarget;
			buildConfigurationList = A8B2D83B850747A19AD1BBB7 /* Build configuration list for PBXAggregateTarget "ZERO_CHECK" */;
			buildPhases = (
				B78F5C0CB2294BFC88A6CB6C /* CMake Rules */,
			);
			dependencies = (
			);
			name = ZERO_CHECK;
			productName = ZERO_CHECK;
		};
		A980D1B901EC45C4ACF7A362 /* ALL_BUILD */ = {
			isa = PBXAggregateTarget;
			buildConfigurationList = A218E6BAE61241519EDDF054 /* Build configuration list for PBXAggregateTarget "ALL_BUILD" */;
			buildPhases = (
				E2AFB180EB1E4E3B8884A096 /* CMake Rules */,
			);
			dependencies = (
				96D65BEC35E0410481BA71BD /* PBXTargetDependency */,
				AA1C3AE450A34A83BF0C6A95 /* PBXTargetDependency */,
				C69E3C9DD454464BBE473F9C /* PBXTargetDependency */,
				2FD0988B691446F0BDF3D68C /* PBXTargetDependency */,
				2EEDD19DD4F34DC4BFAE0B27 /* PBXTargetDependency */,
				CCE6545F8A3F4FCBB104E98F /* PBXTargetDependency */,
				081F6D6BDAE140AA9745F9C2 /* PBXTargetDependency */,
			);
			name = ALL_BUILD;
			productName = ALL_BUILD;
		};
		F80F1A062CD849DFBD0FCF92 /* install */ = {
			isa = PBXAggregateTarget;
			buildConfigurationList = 25B29FD29AA54357A682E2E5 /* Build configuration list for PBXAggregateTarget "install" */;
			buildPhases = (
				EF7E0345B26244D08A8C5617 /* CMake PostBuild Rules */,
			);
			dependencies = (
				9E5FB7E4257643FFB679EE3F /* PBXTargetDependency */,
			);
			name = install;
			productName = install;
		};
/* End PBXAggregateTarget section */

/* Begin PBXBuildFile section */
		37E13175EEC645098289498E /* /Users/marcelochsendorf/Desktop/SimpleTiledParser/glew-cmake-master/CMakeLists.txt */ = {isa = PBXBuildFile; fileRef = 6564104936384AADBAEFAEAC /* /Users/marcelochsendorf/Desktop/SimpleTiledParser/glew-cmake-master/CMakeLists.txt */; settings = {COMPILER_FLAGS = ""; }; };
		3CAA3C647B454CE787342A9C /* /Users/marcelochsendorf/Desktop/SimpleTiledParser/glew-cmake-master/src/glew.c */ = {isa = PBXBuildFile; fileRef = 930779B3703E4ED792438620 /* /Users/marcelochsendorf/Desktop/SimpleTiledParser/glew-cmake-master/src/glew.c */; settings = {COMPILER_FLAGS = ""; }; };
		68FA141510F3487A97D41BC7 /* /Users/marcelochsendorf/Desktop/SimpleTiledParser/glew-cmake-master/src/glew.c */ = {isa = PBXBuildFile; fileRef = E7271D62C87D416A9C854F98 /* /Users/marcelochsendorf/Desktop/SimpleTiledParser/glew-cmake-master/src/glew.c */; settings = {COMPILER_FLAGS = ""; }; };
		7D3D6C66BCE7455AB11F38CE /* /Users/marcelochsendorf/Desktop/SimpleTiledParser/glew-cmake-master/src/glewinfo.c */ = {isa = PBXBuildFile; fileRef = 35F9912C9AD3409599A95329 /* /Users/marcelochsendorf/Desktop/SimpleTiledParser/glew-cmake-master/src/glewinfo.c */; settings = {COMPILER_FLAGS = ""; }; };
		87898B1F5DA24E4B816F35CB /* /Users/marcelochsendorf/Desktop/SimpleTiledParser/glew-cmake-master/CMakeLists.txt */ = {isa = PBXBuildFile; fileRef = F07E3D0B0EE84B74964BD022 /* /Users/marcelochsendorf/Desktop/SimpleTiledParser/glew-cmake-master/CMakeLists.txt */; settings = {COMPILER_FLAGS = ""; }; };
		9705D1483E2140D09856C6E3 /* /Users/marcelochsendorf/Desktop/SimpleTiledParser/glew-cmake-master/src/visualinfo.c */ = {isa = PBXBuildFile; fileRef = F1A302ABB4014A429462FFC0 /* /Users/marcelochsendorf/Desktop/SimpleTiledParser/glew-cmake-master/src/visualinfo.c */; settings = {COMPILER_FLAGS = ""; }; };
		9F891F557CCC458494C44710 /* /Users/marcelochsendorf/Desktop/SimpleTiledParser/glew-cmake-master/src/glew.c */ = {isa = PBXBuildFile; fileRef = 90EFFDFAF6C34F1A935F552E /* /Users/marcelochsendorf/Desktop/SimpleTiledParser/glew-cmake-master/src/glew.c */; settings = {COMPILER_FLAGS = ""; }; };
		9FFFA870B27E4D1D9CE1C70B /* /Users/marcelochsendorf/Desktop/SimpleTiledParser/glew-cmake-master/src/glew.c */ = {isa = PBXBuildFile; fileRef = C1EB65F881C34F94B0ED9EFA /* /Users/marcelochsendorf/Desktop/SimpleTiledParser/glew-cmake-master/src/glew.c */; settings = {COMPILER_FLAGS = ""; }; };
		AA15E033BBAF4E0B98851250 /* /Users/marcelochsendorf/Desktop/SimpleTiledParser/glew-cmake-master/CMakeLists.txt */ = {isa = PBXBuildFile; fileRef = 93F779145A2445B487A0A568 /* /Users/marcelochsendorf/Desktop/SimpleTiledParser/glew-cmake-master/CMakeLists.txt */; settings = {COMPILER_FLAGS = ""; }; };
		AD034B68DB7B4286948E906E /* /Users/marcelochsendorf/Desktop/SimpleTiledParser/glew-cmake-master/CMakeLists.txt */ = {isa = PBXBuildFile; fileRef = ED52591BC9634A099187DFCC /* /Users/marcelochsendorf/Desktop/SimpleTiledParser/glew-cmake-master/CMakeLists.txt */; settings = {COMPILER_FLAGS = ""; }; };
		C3D7A62EBD144E1881492108 /* /Users/marcelochsendorf/Desktop/SimpleTiledParser/glew-cmake-master/CMakeLists.txt */ = {isa = PBXBuildFile; fileRef = C35861C78E34423F9CD38706 /* /Users/marcelochsendorf/Desktop/SimpleTiledParser/glew-cmake-master/CMakeLists.txt */; settings = {COMPILER_FLAGS = ""; }; };
		C68C288E3ABD4D62919A8F4A /* /Users/marcelochsendorf/Desktop/SimpleTiledParser/glew-cmake-master/CMakeLists.txt */ = {isa = PBXBuildFile; fileRef = 175A78B60D774CA29EE55BEE /* /Users/marcelochsendorf/Desktop/SimpleTiledParser/glew-cmake-master/CMakeLists.txt */; settings = {COMPILER_FLAGS = ""; }; };
/* End PBXBuildFile section */

/* Begin PBXBuildStyle section */
		3933C38915F3455CB0E17B58 /* Release */ = {
			isa = PBXBuildStyle;
			buildSettings = {
				COPY_PHASE_STRIP = NO;
			};
			name = Release;
		};
		98031E673533496C81966C98 = {
			isa = PBXBuildStyle;
		};
		9CAC5AFF45FF412EA91E2A31 /* MinSizeRel */ = {
			isa = PBXBuildStyle;
			buildSettings = {
				COPY_PHASE_STRIP = NO;
			};
			name = MinSizeRel;
		};
		BB46258408C74C648E625F47 /* RelWithDebInfo */ = {
			isa = PBXBuildStyle;
			buildSettings = {
				COPY_PHASE_STRIP = NO;
			};
			name = RelWithDebInfo;
		};
		E073D2AD71AB4577AA58659B /* Debug */ = {
			isa = PBXBuildStyle;
			buildSettings = {
				COPY_PHASE_STRIP = NO;
			};
			name = Debug;
		};
/* End PBXBuildStyle section */

/* Begin PBXContainerItemProxy section */
		0A7A2373DC164540AA2FD168 /* PBXContainerItemProxy */ = {
			isa = PBXContainerItemProxy;
			containerPortal = 0BF4AA8F30504D0A8047B443 /* Project object */;
			proxyType = 1;
			remoteGlobalIDString = A225F91D37DD48DAA93F9C60;
			remoteInfo = ZERO_CHECK;
		};
		0E32CB8FD31A4349BE337052 /* PBXContainerItemProxy */ = {
			isa = PBXContainerItemProxy;
			containerPortal = 0BF4AA8F30504D0A8047B443 /* Project object */;
			proxyType = 1;
			remoteGlobalIDString = 6A21DE55B0F04E11B9892DC9;
			remoteInfo = libglewmx_shared;
		};
		1E6AA833431F4D90BCBE02C0 /* PBXContainerItemProxy */ = {
			isa = PBXContainerItemProxy;
			containerPortal = 0BF4AA8F30504D0A8047B443 /* Project object */;
			proxyType = 1;
			remoteGlobalIDString = 810AA727F08B482AB9DE1DC2;
			remoteInfo = libglew_static;
		};
		2634F632594D453E9254C76A /* PBXContainerItemProxy */ = {
			isa = PBXContainerItemProxy;
			containerPortal = 0BF4AA8F30504D0A8047B443 /* Project object */;
			proxyType = 1;
			remoteGlobalIDString = 810AA727F08B482AB9DE1DC2;
			remoteInfo = libglew_static;
		};
		293C836A7C124E93A35DA22E /* PBXContainerItemProxy */ = {
			isa = PBXContainerItemProxy;
			containerPortal = 0BF4AA8F30504D0A8047B443 /* Project object */;
			proxyType = 1;
			remoteGlobalIDString = E85C0927CF254498BEF1E3C8;
			remoteInfo = libglewmx_static;
		};
		6D8F820174E345F593E027B2 /* PBXContainerItemProxy */ = {
			isa = PBXContainerItemProxy;
			containerPortal = 0BF4AA8F30504D0A8047B443 /* Project object */;
			proxyType = 1;
			remoteGlobalIDString = A225F91D37DD48DAA93F9C60;
			remoteInfo = ZERO_CHECK;
		};
		86890D79F3D247F28EDADC4E /* PBXContainerItemProxy */ = {
			isa = PBXContainerItemProxy;
			containerPortal = 0BF4AA8F30504D0A8047B443 /* Project object */;
			proxyType = 1;
			remoteGlobalIDString = A225F91D37DD48DAA93F9C60;
			remoteInfo = ZERO_CHECK;
		};
		8F9FC8B64D434C8B9408223E /* PBXContainerItemProxy */ = {
			isa = PBXContainerItemProxy;
			containerPortal = 0BF4AA8F30504D0A8047B443 /* Project object */;
			proxyType = 1;
			remoteGlobalIDString = A980D1B901EC45C4ACF7A362;
			remoteInfo = ALL_BUILD;
		};
		930B8841CF7B44E2BE3C0E3E /* PBXContainerItemProxy */ = {
			isa = PBXContainerItemProxy;
			containerPortal = 0BF4AA8F30504D0A8047B443 /* Project object */;
			proxyType = 1;
			remoteGlobalIDString = A225F91D37DD48DAA93F9C60;
			remoteInfo = ZERO_CHECK;
		};
		9C13A6290CA042A9A59ED36A /* PBXContainerItemProxy */ = {
			isa = PBXContainerItemProxy;
			containerPortal = 0BF4AA8F30504D0A8047B443 /* Project object */;
			proxyType = 1;
			remoteGlobalIDString = 261884933F74448588FE58D4;
			remoteInfo = visualinfo;
		};
		ABCCE940C19940AF8DED604F /* PBXContainerItemProxy */ = {
			isa = PBXContainerItemProxy;
			containerPortal = 0BF4AA8F30504D0A8047B443 /* Project object */;
			proxyType = 1;
			remoteGlobalIDString = AFEF5DADFE644556AC907F9A;
			remoteInfo = libglew_shared;
		};
		D2BB88A9A0A64E79A8776453 /* PBXContainerItemProxy */ = {
			isa = PBXContainerItemProxy;
			containerPortal = 0BF4AA8F30504D0A8047B443 /* Project object */;
			proxyType = 1;
			remoteGlobalIDString = 810AA727F08B482AB9DE1DC2;
			remoteInfo = libglew_static;
		};
		DF7E774518FE41029A09C4DD /* PBXContainerItemProxy */ = {
			isa = PBXContainerItemProxy;
			containerPortal = 0BF4AA8F30504D0A8047B443 /* Project object */;
			proxyType = 1;
			remoteGlobalIDString = A225F91D37DD48DAA93F9C60;
			remoteInfo = ZERO_CHECK;
		};
		EEB97A7FC86E4A6CAF2B842F /* PBXContainerItemProxy */ = {
			isa = PBXContainerItemProxy;
			containerPortal = 0BF4AA8F30504D0A8047B443 /* Project object */;
			proxyType = 1;
			remoteGlobalIDString = A225F91D37DD48DAA93F9C60;
			remoteInfo = ZERO_CHECK;
		};
		F0EF22048632440E8B498622 /* PBXContainerItemProxy */ = {
			isa = PBXContainerItemProxy;
			containerPortal = 0BF4AA8F30504D0A8047B443 /* Project object */;
			proxyType = 1;
			remoteGlobalIDString = 2B055DDF78F94F9CA72F6FA3;
			remoteInfo = glewinfo;
		};
		F5464D2923F243AAA088D534 /* PBXContainerItemProxy */ = {
			isa = PBXContainerItemProxy;
			containerPortal = 0BF4AA8F30504D0A8047B443 /* Project object */;
			proxyType = 1;
			remoteGlobalIDString = A225F91D37DD48DAA93F9C60;
			remoteInfo = ZERO_CHECK;
		};
/* End PBXContainerItemProxy section */

/* Begin PBXFileReference section */
		175A78B60D774CA29EE55BEE /* /Users/marcelochsendorf/Desktop/SimpleTiledParser/glew-cmake-master/CMakeLists.txt */ = {isa = PBXFileReference; explicitFileType = sourcecode.text; fileEncoding = 4; name = CMakeLists.txt; path = CMakeLists.txt; sourceTree = SOURCE_ROOT; };
		20C995AF25854899824E6298 /* glewinfo */ = {isa = PBXFileReference; explicitFileType = "compiled.mach-o.executable"; path = glewinfo; refType = 0; sourceTree = BUILT_PRODUCTS_DIR; };
		23BC384AE1A24852AF66E595 /* /Users/marcelochsendorf/Desktop/SimpleTiledParser/glew-cmake-master/CMakeLists.txt */ = {isa = PBXFileReference; explicitFileType = sourcecode.text; fileEncoding = 4; name = CMakeLists.txt; path = CMakeLists.txt; sourceTree = SOURCE_ROOT; };
		35F9912C9AD3409599A95329 /* /Users/marcelochsendorf/Desktop/SimpleTiledParser/glew-cmake-master/src/glewinfo.c */ = {isa = PBXFileReference; explicitFileType = sourcecode.c.c; fileEncoding = 4; name = glewinfo.c; path = src/glewinfo.c; sourceTree = SOURCE_ROOT; };
		6564104936384AADBAEFAEAC /* /Users/marcelochsendorf/Desktop/SimpleTiledParser/glew-cmake-master/CMakeLists.txt */ = {isa = PBXFileReference; explicitFileType = sourcecode.text; fileEncoding = 4; name = CMakeLists.txt; path = CMakeLists.txt; sourceTree = SOURCE_ROOT; };
		7C00E524A3494E2699065E0F /* libglew_shared */ = {isa = PBXFileReference; explicitFileType = "compiled.mach-o.dylib"; path = libglewd.dylib; refType = 0; sourceTree = BUILT_PRODUCTS_DIR; };
		90EFFDFAF6C34F1A935F552E /* /Users/marcelochsendorf/Desktop/SimpleTiledParser/glew-cmake-master/src/glew.c */ = {isa = PBXFileReference; explicitFileType = sourcecode.c.c; fileEncoding = 4; name = glew.c; path = src/glew.c; sourceTree = SOURCE_ROOT; };
		930779B3703E4ED792438620 /* /Users/marcelochsendorf/Desktop/SimpleTiledParser/glew-cmake-master/src/glew.c */ = {isa = PBXFileReference; explicitFileType = sourcecode.c.c; fileEncoding = 4; name = glew.c; path = src/glew.c; sourceTree = SOURCE_ROOT; };
		93F779145A2445B487A0A568 /* /Users/marcelochsendorf/Desktop/SimpleTiledParser/glew-cmake-master/CMakeLists.txt */ = {isa = PBXFileReference; explicitFileType = sourcecode.text; fileEncoding = 4; name = CMakeLists.txt; path = CMakeLists.txt; sourceTree = SOURCE_ROOT; };
		C1EB65F881C34F94B0ED9EFA /* /Users/marcelochsendorf/Desktop/SimpleTiledParser/glew-cmake-master/src/glew.c */ = {isa = PBXFileReference; explicitFileType = sourcecode.c.c; fileEncoding = 4; name = glew.c; path = src/glew.c; sourceTree = SOURCE_ROOT; };
		C35861C78E34423F9CD38706 /* /Users/marcelochsendorf/Desktop/SimpleTiledParser/glew-cmake-master/CMakeLists.txt */ = {isa = PBXFileReference; explicitFileType = sourcecode.text; fileEncoding = 4; name = CMakeLists.txt; path = CMakeLists.txt; sourceTree = SOURCE_ROOT; };
		D6F4198F7C73433CBC30174E /* libglewmx_shared */ = {isa = PBXFileReference; explicitFileType = "compiled.mach-o.dylib"; path = libglewmxd.dylib; refType = 0; sourceTree = BUILT_PRODUCTS_DIR; };
		DE983E038D52404797F1BE90 /* libglew_static */ = {isa = PBXFileReference; explicitFileType = archive.ar; path = libglewd.a; refType = 0; sourceTree = BUILT_PRODUCTS_DIR; };
		E7271D62C87D416A9C854F98 /* /Users/marcelochsendorf/Desktop/SimpleTiledParser/glew-cmake-master/src/glew.c */ = {isa = PBXFileReference; explicitFileType = sourcecode.c.c; fileEncoding = 4; name = glew.c; path = src/glew.c; sourceTree = SOURCE_ROOT; };
		ED52591BC9634A099187DFCC /* /Users/marcelochsendorf/Desktop/SimpleTiledParser/glew-cmake-master/CMakeLists.txt */ = {isa = PBXFileReference; explicitFileType = sourcecode.text; fileEncoding = 4; name = CMakeLists.txt; path = CMakeLists.txt; sourceTree = SOURCE_ROOT; };
		F07E3D0B0EE84B74964BD022 /* /Users/marcelochsendorf/Desktop/SimpleTiledParser/glew-cmake-master/CMakeLists.txt */ = {isa = PBXFileReference; explicitFileType = sourcecode.text; fileEncoding = 4; name = CMakeLists.txt; path = CMakeLists.txt; sourceTree = SOURCE_ROOT; };
		F1A302ABB4014A429462FFC0 /* /Users/marcelochsendorf/Desktop/SimpleTiledParser/glew-cmake-master/src/visualinfo.c */ = {isa = PBXFileReference; explicitFileType = sourcecode.c.c; fileEncoding = 4; name = visualinfo.c; path = src/visualinfo.c; sourceTree = SOURCE_ROOT; };
		F1E59015560A4EFE82EA9EBE /* libglewmx_static */ = {isa = PBXFileReference; explicitFileType = archive.ar; path = libglewmxd.a; refType = 0; sourceTree = BUILT_PRODUCTS_DIR; };
		F885C4B891F24F1DAAF91F34 /* /Users/marcelochsendorf/Desktop/SimpleTiledParser/glew-cmake-master/CMakeLists.txt */ = {isa = PBXFileReference; explicitFileType = sourcecode.text; fileEncoding = 4; name = CMakeLists.txt; path = CMakeLists.txt; sourceTree = SOURCE_ROOT; };
		F887E53B700144CE9C226993 /* visualinfo */ = {isa = PBXFileReference; explicitFileType = "compiled.mach-o.executable"; path = visualinfo; refType = 0; sourceTree = BUILT_PRODUCTS_DIR; };
/* End PBXFileReference section */

/* Begin PBXGroup section */
		01D0771BFCB44E29A230DA4C /* ZERO_CHECK */ = {
			isa = PBXGroup;
			children = (
				788969A0A6F748AD80D08D9C /* CMake Rules */,
				23BC384AE1A24852AF66E595 /* /Users/marcelochsendorf/Desktop/SimpleTiledParser/glew-cmake-master/CMakeLists.txt */,
			);
			name = ZERO_CHECK;
			sourceTree = "<group>";
		};
		02482933EFFC4C4798DD42B1 /* ALL_BUILD */ = {
			isa = PBXGroup;
			children = (
				9119231DBA63402384DD0762 /* CMake Rules */,
				F885C4B891F24F1DAAF91F34 /* /Users/marcelochsendorf/Desktop/SimpleTiledParser/glew-cmake-master/CMakeLists.txt */,
			);
			name = ALL_BUILD;
			sourceTree = "<group>";
		};
		0F103928BC5142159383F734 /* Sources */ = {
			isa = PBXGroup;
			children = (
				9972B742F76E406B8198C5EB /* libglewmx_static */,
				CE5C1CD50A68411B84AE8115 /* libglew_static */,
				FFAADB8DAB8E454691F680AF /* glewinfo */,
				768D67ABCC504F7397C0802C /* libglewmx_shared */,
				3274F9DEEADA45169A87BA4B /* libglew_shared */,
				E786E074996D4A87AACD05C3 /* visualinfo */,
				02482933EFFC4C4798DD42B1 /* ALL_BUILD */,
				01D0771BFCB44E29A230DA4C /* ZERO_CHECK */,
			);
			name = Sources;
			sourceTree = "<group>";
		};
		3274F9DEEADA45169A87BA4B /* libglew_shared */ = {
			isa = PBXGroup;
			children = (
				3504390A12C54602AABF0D68 /* Source Files */,
				6564104936384AADBAEFAEAC /* /Users/marcelochsendorf/Desktop/SimpleTiledParser/glew-cmake-master/CMakeLists.txt */,
			);
			name = libglew_shared;
			sourceTree = "<group>";
		};
		3504390A12C54602AABF0D68 /* Source Files */ = {
			isa = PBXGroup;
			children = (
				E7271D62C87D416A9C854F98 /* /Users/marcelochsendorf/Desktop/SimpleTiledParser/glew-cmake-master/src/glew.c */,
			);
			name = "Source Files";
			sourceTree = "<group>";
		};
		45EB08840D7841A0A4341BB1 /* Products */ = {
			isa = PBXGroup;
			children = (
				20C995AF25854899824E6298 /* glewinfo */,
				7C00E524A3494E2699065E0F /* libglew_shared */,
				DE983E038D52404797F1BE90 /* libglew_static */,
				D6F4198F7C73433CBC30174E /* libglewmx_shared */,
				F1E59015560A4EFE82EA9EBE /* libglewmx_static */,
				F887E53B700144CE9C226993 /* visualinfo */,
			);
			name = Products;
			sourceTree = "<group>";
		};
		6AD3BFDA551B4CE1B8BEA13B = {
			isa = PBXGroup;
			children = (
				0F103928BC5142159383F734 /* Sources */,
				D8602A6216494CD4918D2C57 /* Resources */,
				45EB08840D7841A0A4341BB1 /* Products */,
			);
			sourceTree = "<group>";
		};
		768D67ABCC504F7397C0802C /* libglewmx_shared */ = {
			isa = PBXGroup;
			children = (
				802A300DD6A54D9EA6BBFF6D /* Source Files */,
				F07E3D0B0EE84B74964BD022 /* /Users/marcelochsendorf/Desktop/SimpleTiledParser/glew-cmake-master/CMakeLists.txt */,
			);
			name = libglewmx_shared;
			sourceTree = "<group>";
		};
		788969A0A6F748AD80D08D9C /* CMake Rules */ = {
			isa = PBXGroup;
			children = (
			);
			name = "CMake Rules";
			sourceTree = "<group>";
		};
		802A300DD6A54D9EA6BBFF6D /* Source Files */ = {
			isa = PBXGroup;
			children = (
				C1EB65F881C34F94B0ED9EFA /* /Users/marcelochsendorf/Desktop/SimpleTiledParser/glew-cmake-master/src/glew.c */,
			);
			name = "Source Files";
			sourceTree = "<group>";
		};
		88773D3468A54FB1A5FBC418 /* Source Files */ = {
			isa = PBXGroup;
			children = (
				35F9912C9AD3409599A95329 /* /Users/marcelochsendorf/Desktop/SimpleTiledParser/glew-cmake-master/src/glewinfo.c */,
			);
			name = "Source Files";
			sourceTree = "<group>";
		};
		8F47F703A51844A081327A50 /* Source Files */ = {
			isa = PBXGroup;
			children = (
				90EFFDFAF6C34F1A935F552E /* /Users/marcelochsendorf/Desktop/SimpleTiledParser/glew-cmake-master/src/glew.c */,
			);
			name = "Source Files";
			sourceTree = "<group>";
		};
		9119231DBA63402384DD0762 /* CMake Rules */ = {
			isa = PBXGroup;
			children = (
			);
			name = "CMake Rules";
			sourceTree = "<group>";
		};
		9972B742F76E406B8198C5EB /* libglewmx_static */ = {
			isa = PBXGroup;
			children = (
				D55D0C66B61E44919E40F2E0 /* Source Files */,
				93F779145A2445B487A0A568 /* /Users/marcelochsendorf/Desktop/SimpleTiledParser/glew-cmake-master/CMakeLists.txt */,
			);
			name = libglewmx_static;
			sourceTree = "<group>";
		};
		CE5C1CD50A68411B84AE8115 /* libglew_static */ = {
			isa = PBXGroup;
			children = (
				8F47F703A51844A081327A50 /* Source Files */,
				C35861C78E34423F9CD38706 /* /Users/marcelochsendorf/Desktop/SimpleTiledParser/glew-cmake-master/CMakeLists.txt */,
			);
			name = libglew_static;
			sourceTree = "<group>";
		};
		D55D0C66B61E44919E40F2E0 /* Source Files */ = {
			isa = PBXGroup;
			children = (
				930779B3703E4ED792438620 /* /Users/marcelochsendorf/Desktop/SimpleTiledParser/glew-cmake-master/src/glew.c */,
			);
			name = "Source Files";
			sourceTree = "<group>";
		};
		D8602A6216494CD4918D2C57 /* Resources */ = {
			isa = PBXGroup;
			children = (
			);
			name = Resources;
			sourceTree = "<group>";
		};
		E50CFFB1CE3943B5A8917557 /* Source Files */ = {
			isa = PBXGroup;
			children = (
				F1A302ABB4014A429462FFC0 /* /Users/marcelochsendorf/Desktop/SimpleTiledParser/glew-cmake-master/src/visualinfo.c */,
			);
			name = "Source Files";
			sourceTree = "<group>";
		};
		E786E074996D4A87AACD05C3 /* visualinfo */ = {
			isa = PBXGroup;
			children = (
				E50CFFB1CE3943B5A8917557 /* Source Files */,
				ED52591BC9634A099187DFCC /* /Users/marcelochsendorf/Desktop/SimpleTiledParser/glew-cmake-master/CMakeLists.txt */,
			);
			name = visualinfo;
			sourceTree = "<group>";
		};
		FFAADB8DAB8E454691F680AF /* glewinfo */ = {
			isa = PBXGroup;
			children = (
				88773D3468A54FB1A5FBC418 /* Source Files */,
				175A78B60D774CA29EE55BEE /* /Users/marcelochsendorf/Desktop/SimpleTiledParser/glew-cmake-master/CMakeLists.txt */,
			);
			name = glewinfo;
			sourceTree = "<group>";
		};
/* End PBXGroup section */

/* Begin PBXNativeTarget section */
		261884933F74448588FE58D4 /* visualinfo */ = {
			isa = PBXNativeTarget;
			buildConfigurationList = E5EA756786924AB8A20F510F /* Build configuration list for PBXNativeTarget "visualinfo" */;
			buildPhases = (
				1F92B68E3C794A1E854AA30E /* Sources */,
			);
			buildRules = (
			);
			dependencies = (
				1C88FF277F5348DBAB28E349 /* PBXTargetDependency */,
				4181E8FCEE2849878FB54284 /* PBXTargetDependency */,
			);
			name = visualinfo;
			productName = visualinfo;
			productReference = F887E53B700144CE9C226993 /* visualinfo */;
			productType = "com.apple.product-type.tool";
		};
		2B055DDF78F94F9CA72F6FA3 /* glewinfo */ = {
			isa = PBXNativeTarget;
			buildConfigurationList = 3110ED05BE0B42618777E97C /* Build configuration list for PBXNativeTarget "glewinfo" */;
			buildPhases = (
				59E55D2256484B07A4422590 /* Sources */,
			);
			buildRules = (
			);
			dependencies = (
				A3E6067CABE546639AAACEDC /* PBXTargetDependency */,
				385FA80B8B734946BC6B336B /* PBXTargetDependency */,
			);
			name = glewinfo;
			productName = glewinfo;
			productReference = 20C995AF25854899824E6298 /* glewinfo */;
			productType = "com.apple.product-type.tool";
		};
		6A21DE55B0F04E11B9892DC9 /* libglewmx_shared */ = {
			isa = PBXNativeTarget;
			buildConfigurationList = 1859FE4625C44348BA383904 /* Build configuration list for PBXNativeTarget "libglewmx_shared" */;
			buildPhases = (
				BEE6C63B40844EC6A4894969 /* Sources */,
				418C48425A634A59931A81EC /* CMake PostBuild Rules */,
			);
			buildRules = (
			);
			dependencies = (
				E8469AED4DB3492087F78A8F /* PBXTargetDependency */,
			);
			name = libglewmx_shared;
			productName = libglewmx_shared;
			productReference = D6F4198F7C73433CBC30174E /* libglewmx_shared */;
			productType = "com.apple.product-type.library.dynamic";
		};
		810AA727F08B482AB9DE1DC2 /* libglew_static */ = {
			isa = PBXNativeTarget;
			buildConfigurationList = D804A2E537A94316A5B665AC /* Build configuration list for PBXNativeTarget "libglew_static" */;
			buildPhases = (
				664A7141031B4BC29AE5BF8F /* Sources */,
			);
			buildRules = (
			);
			dependencies = (
				04C4FFF037C544D4A1B88234 /* PBXTargetDependency */,
			);
			name = libglew_static;
			productName = libglew_static;
			productReference = DE983E038D52404797F1BE90 /* libglew_static */;
			productType = "com.apple.product-type.library.static";
		};
		AFEF5DADFE644556AC907F9A /* libglew_shared */ = {
			isa = PBXNativeTarget;
			buildConfigurationList = CF3957B73D1241E683054DAC /* Build configuration list for PBXNativeTarget "libglew_shared" */;
			buildPhases = (
				085A0F22353D4ECFBF599222 /* Sources */,
				90854084F2264AAEAF482530 /* CMake PostBuild Rules */,
			);
			buildRules = (
			);
			dependencies = (
				CCFD34A48E4F46F984EE6EA3 /* PBXTargetDependency */,
			);
			name = libglew_shared;
			productName = libglew_shared;
			productReference = 7C00E524A3494E2699065E0F /* libglew_shared */;
			productType = "com.apple.product-type.library.dynamic";
		};
		E85C0927CF254498BEF1E3C8 /* libglewmx_static */ = {
			isa = PBXNativeTarget;
			buildConfigurationList = 7F57ABA827BA498B84C83562 /* Build configuration list for PBXNativeTarget "libglewmx_static" */;
			buildPhases = (
				0DAEB99F80BF41D0A6332BB7 /* Sources */,
			);
			buildRules = (
			);
			dependencies = (
				238F543D54AA4FD9B336FB99 /* PBXTargetDependency */,
			);
			name = libglewmx_static;
			productName = libglewmx_static;
			productReference = F1E59015560A4EFE82EA9EBE /* libglewmx_static */;
			productType = "com.apple.product-type.library.static";
		};
/* End PBXNativeTarget section */

/* Begin PBXProject section */
		0BF4AA8F30504D0A8047B443 /* Project object */ = {
			isa = PBXProject;
			attributes = {
				BuildIndependentTargetsInParallel = YES;
				LastUpgradeCheck = 0730;
			};
			buildConfigurationList = 76A68E0C790448298DD12178 /* Build configuration list for PBXProject "glew" */;
			buildSettings = {
			};
			buildStyles = (
				E073D2AD71AB4577AA58659B /* Debug */,
				3933C38915F3455CB0E17B58 /* Release */,
				9CAC5AFF45FF412EA91E2A31 /* MinSizeRel */,
				BB46258408C74C648E625F47 /* RelWithDebInfo */,
			);
			compatibilityVersion = "Xcode 3.2";
			hasScannedForEncodings = 0;
			mainGroup = 6AD3BFDA551B4CE1B8BEA13B;
			projectDirPath = ../;
			projectRoot = "";
			targets = (
				A980D1B901EC45C4ACF7A362 /* ALL_BUILD */,
				A225F91D37DD48DAA93F9C60 /* ZERO_CHECK */,
				2B055DDF78F94F9CA72F6FA3 /* glewinfo */,
				F80F1A062CD849DFBD0FCF92 /* install */,
				AFEF5DADFE644556AC907F9A /* libglew_shared */,
				810AA727F08B482AB9DE1DC2 /* libglew_static */,
				6A21DE55B0F04E11B9892DC9 /* libglewmx_shared */,
				E85C0927CF254498BEF1E3C8 /* libglewmx_static */,
				261884933F74448588FE58D4 /* visualinfo */,
			);
		};
/* End PBXProject section */

/* Begin PBXShellScriptBuildPhase section */
		0FF7DB5FCDDC46DF98D42EB5 = {
			isa = PBXShellScriptBuildPhase;
			buildActionMask = 2147483647;
			files = (
			);
			inputPaths = (
			);
			outputPaths = (
			);
			runOnlyForDeploymentPostprocessing = 0;
			shellPath = /bin/sh;
			shellScript = "# shell script goes here
exit 0";
			showEnvVarsInLog = 0;
		};
		418C48425A634A59931A81EC /* CMake PostBuild Rules */ = {
			isa = PBXShellScriptBuildPhase;
			buildActionMask = 2147483647;
			files = (
			);
			name = "CMake PostBuild Rules";
			runOnlyForDeploymentPostprocessing = 0;
			shellPath = /bin/sh;
			shellScript = "make -C /Users/marcelochsendorf/Desktop/SimpleTiledParser/glew-cmake-master/mac_build -f /Users/marcelochsendorf/Desktop/SimpleTiledParser/glew-cmake-master/mac_build/CMakeScripts/libglewmx_shared_postBuildPhase.make$CONFIGURATION all";
			showEnvVarsInLog = 0;
		};
		757752D6CC284ED2B971EA27 = {
			isa = PBXShellScriptBuildPhase;
			buildActionMask = 2147483647;
			files = (
			);
			inputPaths = (
			);
			outputPaths = (
			);
			runOnlyForDeploymentPostprocessing = 0;
			shellPath = /bin/sh;
			shellScript = "# shell script goes here
exit 0";
			showEnvVarsInLog = 0;
		};
		90854084F2264AAEAF482530 /* CMake PostBuild Rules */ = {
			isa = PBXShellScriptBuildPhase;
			buildActionMask = 2147483647;
			files = (
			);
			name = "CMake PostBuild Rules";
			runOnlyForDeploymentPostprocessing = 0;
			shellPath = /bin/sh;
			shellScript = "make -C /Users/marcelochsendorf/Desktop/SimpleTiledParser/glew-cmake-master/mac_build -f /Users/marcelochsendorf/Desktop/SimpleTiledParser/glew-cmake-master/mac_build/CMakeScripts/libglew_shared_postBuildPhase.make$CONFIGURATION all";
			showEnvVarsInLog = 0;
		};
		B78F5C0CB2294BFC88A6CB6C /* CMake Rules */ = {
			isa = PBXShellScriptBuildPhase;
			buildActionMask = 2147483647;
			files = (
			);
			name = "CMake Rules";
			runOnlyForDeploymentPostprocessing = 0;
			shellPath = /bin/sh;
			shellScript = "make -C /Users/marcelochsendorf/Desktop/SimpleTiledParser/glew-cmake-master/mac_build -f /Users/marcelochsendorf/Desktop/SimpleTiledParser/glew-cmake-master/mac_build/CMakeScripts/ZERO_CHECK_cmakeRulesBuildPhase.make$CONFIGURATION all";
			showEnvVarsInLog = 0;
		};
		E2AFB180EB1E4E3B8884A096 /* CMake Rules */ = {
			isa = PBXShellScriptBuildPhase;
			buildActionMask = 2147483647;
			files = (
			);
			name = "CMake Rules";
			runOnlyForDeploymentPostprocessing = 0;
			shellPath = /bin/sh;
			shellScript = "make -C /Users/marcelochsendorf/Desktop/SimpleTiledParser/glew-cmake-master/mac_build -f /Users/marcelochsendorf/Desktop/SimpleTiledParser/glew-cmake-master/mac_build/CMakeScripts/ALL_BUILD_cmakeRulesBuildPhase.make$CONFIGURATION all";
			showEnvVarsInLog = 0;
		};
		EF7E0345B26244D08A8C5617 /* CMake PostBuild Rules */ = {
			isa = PBXShellScriptBuildPhase;
			buildActionMask = 2147483647;
			files = (
			);
			name = "CMake PostBuild Rules";
			runOnlyForDeploymentPostprocessing = 0;
			shellPath = /bin/sh;
			shellScript = "make -C /Users/marcelochsendorf/Desktop/SimpleTiledParser/glew-cmake-master/mac_build -f /Users/marcelochsendorf/Desktop/SimpleTiledParser/glew-cmake-master/mac_build/CMakeScripts/install_postBuildPhase.make$CONFIGURATION all";
			showEnvVarsInLog = 0;
		};
		F4C01588851C43C0A272DDC7 = {
			isa = PBXShellScriptBuildPhase;
			buildActionMask = 2147483647;
			files = (
			);
			inputPaths = (
			);
			outputPaths = (
			);
			runOnlyForDeploymentPostprocessing = 0;
			shellPath = /bin/sh;
			shellScript = "# shell script goes here
exit 0";
			showEnvVarsInLog = 0;
		};
/* End PBXShellScriptBuildPhase section */

/* Begin PBXSourcesBuildPhase section */
		085A0F22353D4ECFBF599222 /* Sources */ = {
			isa = PBXSourcesBuildPhase;
			buildActionMask = 2147483647;
			files = (
				68FA141510F3487A97D41BC7 /* /Users/marcelochsendorf/Desktop/SimpleTiledParser/glew-cmake-master/src/glew.c */,
			);
			runOnlyForDeploymentPostprocessing = 0;
		};
		0DAEB99F80BF41D0A6332BB7 /* Sources */ = {
			isa = PBXSourcesBuildPhase;
			buildActionMask = 2147483647;
			files = (
				3CAA3C647B454CE787342A9C /* /Users/marcelochsendorf/Desktop/SimpleTiledParser/glew-cmake-master/src/glew.c */,
			);
			runOnlyForDeploymentPostprocessing = 0;
		};
		1F92B68E3C794A1E854AA30E /* Sources */ = {
			isa = PBXSourcesBuildPhase;
			buildActionMask = 2147483647;
			files = (
				9705D1483E2140D09856C6E3 /* /Users/marcelochsendorf/Desktop/SimpleTiledParser/glew-cmake-master/src/visualinfo.c */,
			);
			runOnlyForDeploymentPostprocessing = 0;
		};
		59E55D2256484B07A4422590 /* Sources */ = {
			isa = PBXSourcesBuildPhase;
			buildActionMask = 2147483647;
			files = (
				7D3D6C66BCE7455AB11F38CE /* /Users/marcelochsendorf/Desktop/SimpleTiledParser/glew-cmake-master/src/glewinfo.c */,
			);
			runOnlyForDeploymentPostprocessing = 0;
		};
		664A7141031B4BC29AE5BF8F /* Sources */ = {
			isa = PBXSourcesBuildPhase;
			buildActionMask = 2147483647;
			files = (
				9F891F557CCC458494C44710 /* /Users/marcelochsendorf/Desktop/SimpleTiledParser/glew-cmake-master/src/glew.c */,
			);
			runOnlyForDeploymentPostprocessing = 0;
		};
		BEE6C63B40844EC6A4894969 /* Sources */ = {
			isa = PBXSourcesBuildPhase;
			buildActionMask = 2147483647;
			files = (
				9FFFA870B27E4D1D9CE1C70B /* /Users/marcelochsendorf/Desktop/SimpleTiledParser/glew-cmake-master/src/glew.c */,
			);
			runOnlyForDeploymentPostprocessing = 0;
		};
/* End PBXSourcesBuildPhase section */

/* Begin PBXTargetDependency section */
		04C4FFF037C544D4A1B88234 /* PBXTargetDependency */ = {
			isa = PBXTargetDependency;
			target = A225F91D37DD48DAA93F9C60 /* ZERO_CHECK */;
			targetProxy = 6D8F820174E345F593E027B2 /* PBXContainerItemProxy */;
		};
		081F6D6BDAE140AA9745F9C2 /* PBXTargetDependency */ = {
			isa = PBXTargetDependency;
			target = AFEF5DADFE644556AC907F9A /* libglew_shared */;
			targetProxy = ABCCE940C19940AF8DED604F /* PBXContainerItemProxy */;
		};
		1C88FF277F5348DBAB28E349 /* PBXTargetDependency */ = {
			isa = PBXTargetDependency;
			target = A225F91D37DD48DAA93F9C60 /* ZERO_CHECK */;
			targetProxy = EEB97A7FC86E4A6CAF2B842F /* PBXContainerItemProxy */;
		};
		238F543D54AA4FD9B336FB99 /* PBXTargetDependency */ = {
			isa = PBXTargetDependency;
			target = A225F91D37DD48DAA93F9C60 /* ZERO_CHECK */;
			targetProxy = 0A7A2373DC164540AA2FD168 /* PBXContainerItemProxy */;
		};
		2EEDD19DD4F34DC4BFAE0B27 /* PBXTargetDependency */ = {
			isa = PBXTargetDependency;
			target = A225F91D37DD48DAA93F9C60 /* ZERO_CHECK */;
			targetProxy = DF7E774518FE41029A09C4DD /* PBXContainerItemProxy */;
		};
		2FD0988B691446F0BDF3D68C /* PBXTargetDependency */ = {
			isa = PBXTargetDependency;
			target = 2B055DDF78F94F9CA72F6FA3 /* glewinfo */;
			targetProxy = F0EF22048632440E8B498622 /* PBXContainerItemProxy */;
		};
		385FA80B8B734946BC6B336B /* PBXTargetDependency */ = {
			isa = PBXTargetDependency;
			target = 810AA727F08B482AB9DE1DC2 /* libglew_static */;
			targetProxy = 2634F632594D453E9254C76A /* PBXContainerItemProxy */;
		};
		4181E8FCEE2849878FB54284 /* PBXTargetDependency */ = {
			isa = PBXTargetDependency;
			target = 810AA727F08B482AB9DE1DC2 /* libglew_static */;
			targetProxy = D2BB88A9A0A64E79A8776453 /* PBXContainerItemProxy */;
		};
		96D65BEC35E0410481BA71BD /* PBXTargetDependency */ = {
			isa = PBXTargetDependency;
			target = E85C0927CF254498BEF1E3C8 /* libglewmx_static */;
			targetProxy = 293C836A7C124E93A35DA22E /* PBXContainerItemProxy */;
		};
		9E5FB7E4257643FFB679EE3F /* PBXTargetDependency */ = {
			isa = PBXTargetDependency;
			target = A980D1B901EC45C4ACF7A362 /* ALL_BUILD */;
			targetProxy = 8F9FC8B64D434C8B9408223E /* PBXContainerItemProxy */;
		};
		A3E6067CABE546639AAACEDC /* PBXTargetDependency */ = {
			isa = PBXTargetDependency;
			target = A225F91D37DD48DAA93F9C60 /* ZERO_CHECK */;
			targetProxy = 930B8841CF7B44E2BE3C0E3E /* PBXContainerItemProxy */;
		};
		AA1C3AE450A34A83BF0C6A95 /* PBXTargetDependency */ = {
			isa = PBXTargetDependency;
			target = 6A21DE55B0F04E11B9892DC9 /* libglewmx_shared */;
			targetProxy = 0E32CB8FD31A4349BE337052 /* PBXContainerItemProxy */;
		};
		C69E3C9DD454464BBE473F9C /* PBXTargetDependency */ = {
			isa = PBXTargetDependency;
			target = 261884933F74448588FE58D4 /* visualinfo */;
			targetProxy = 9C13A6290CA042A9A59ED36A /* PBXContainerItemProxy */;
		};
		CCE6545F8A3F4FCBB104E98F /* PBXTargetDependency */ = {
			isa = PBXTargetDependency;
			target = 810AA727F08B482AB9DE1DC2 /* libglew_static */;
			targetProxy = 1E6AA833431F4D90BCBE02C0 /* PBXContainerItemProxy */;
		};
		CCFD34A48E4F46F984EE6EA3 /* PBXTargetDependency */ = {
			isa = PBXTargetDependency;
			target = A225F91D37DD48DAA93F9C60 /* ZERO_CHECK */;
			targetProxy = F5464D2923F243AAA088D534 /* PBXContainerItemProxy */;
		};
		E8469AED4DB3492087F78A8F /* PBXTargetDependency */ = {
			isa = PBXTargetDependency;
			target = A225F91D37DD48DAA93F9C60 /* ZERO_CHECK */;
			targetProxy = 86890D79F3D247F28EDADC4E /* PBXContainerItemProxy */;
		};
/* End PBXTargetDependency section */

/* Begin XCBuildConfiguration section */
		00BFEC0DA2C14B789150A1F4 /* RelWithDebInfo */ = {
			isa = XCBuildConfiguration;
			buildSettings = {
				COMBINE_HIDPI_IMAGES = YES;
				CONFIGURATION_BUILD_DIR = "/Users/marcelochsendorf/Desktop/SimpleTiledParser/glew-cmake-master/mac_build/lib/RelWithDebInfo";
				DYLIB_COMPATIBILITY_VERSION = "";
				DYLIB_CURRENT_VERSION = "";
				EXECUTABLE_PREFIX = lib;
				EXECUTABLE_SUFFIX = .dylib;
				GCC_GENERATE_DEBUGGING_SYMBOLS = YES;
				GCC_INLINES_ARE_PRIVATE_EXTERN = NO;
				GCC_OPTIMIZATION_LEVEL = 2;
				GCC_PREPROCESSOR_DEFINITIONS = ("'CMAKE_INTDIR=\"$(CONFIGURATION)$(EFFECTIVE_PLATFORM_NAME)\"'", libglewmx_shared_EXPORTS, GLEW_NO_GLU, );
				GCC_SYMBOLS_PRIVATE_EXTERN = NO;
				HEADER_SEARCH_PATHS = ("/Users/marcelochsendorf/Desktop/SimpleTiledParser/glew-cmake-master/include", );
				INSTALL_PATH = "/Users/marcelochsendorf/Desktop/SimpleTiledParser/glew-cmake-master/mac_build/lib/RelWithDebInfo";
				LIBRARY_SEARCH_PATHS = "";
				LIBRARY_STYLE = DYNAMIC;
				OTHER_CFLAGS = "       -DNDEBUG -fPIC  ";
				OTHER_LDFLAGS = " -dynamiclib -Wl,-headerpad_max_install_names  -framework OpenGL -framework AGL";
				OTHER_REZFLAGS = "";
				PRODUCT_NAME = glewmx;
				SECTORDER_FLAGS = "";
				SYMROOT = "/Users/marcelochsendorf/Desktop/SimpleTiledParser/glew-cmake-master/mac_build";
				USE_HEADERMAP = NO;
				WARNING_CFLAGS = ("-Wmost", "-Wno-four-char-constants", "-Wno-unknown-pragmas", "$(inherited)", );
			};
			name = RelWithDebInfo;
		};
		03366AAAE0EE49F6876F1DD5 /* RelWithDebInfo */ = {
			isa = XCBuildConfiguration;
			buildSettings = {
				COMBINE_HIDPI_IMAGES = YES;
				GCC_GENERATE_DEBUGGING_SYMBOLS = YES;
				GCC_INLINES_ARE_PRIVATE_EXTERN = NO;
				GCC_OPTIMIZATION_LEVEL = 0;
				GCC_PREPROCESSOR_DEFINITIONS = ("'CMAKE_INTDIR=\"$(CONFIGURATION)$(EFFECTIVE_PLATFORM_NAME)\"'", );
				GCC_SYMBOLS_PRIVATE_EXTERN = NO;
				HEADER_SEARCH_PATHS = ("/Users/marcelochsendorf/Desktop/SimpleTiledParser/glew-cmake-master/include", );
				INSTALL_PATH = "";
				OTHER_LDFLAGS = " ";
				OTHER_REZFLAGS = "";
				PRODUCT_NAME = install;
				SECTORDER_FLAGS = "";
				SYMROOT = "/Users/marcelochsendorf/Desktop/SimpleTiledParser/glew-cmake-master/mac_build";
				USE_HEADERMAP = NO;
				WARNING_CFLAGS = ("-Wmost", "-Wno-four-char-constants", "-Wno-unknown-pragmas", "$(inherited)", );
			};
			name = RelWithDebInfo;
		};
		05061AA874D14FD8B01A5429 /* Release */ = {
			isa = XCBuildConfiguration;
			buildSettings = {
				COMBINE_HIDPI_IMAGES = YES;
				CONFIGURATION_BUILD_DIR = "/Users/marcelochsendorf/Desktop/SimpleTiledParser/glew-cmake-master/mac_build/lib/Release";
				EXECUTABLE_PREFIX = lib;
				EXECUTABLE_SUFFIX = .a;
				GCC_GENERATE_DEBUGGING_SYMBOLS = NO;
				GCC_INLINES_ARE_PRIVATE_EXTERN = NO;
				GCC_OPTIMIZATION_LEVEL = 3;
				GCC_PREPROCESSOR_DEFINITIONS = ("'CMAKE_INTDIR=\"$(CONFIGURATION)$(EFFECTIVE_PLATFORM_NAME)\"'", GLEW_NO_GLU, );
				GCC_SYMBOLS_PRIVATE_EXTERN = NO;
				HEADER_SEARCH_PATHS = ("/Users/marcelochsendorf/Desktop/SimpleTiledParser/glew-cmake-master/include", );
				INSTALL_PATH = "";
				LIBRARY_STYLE = STATIC;
				OTHER_CFLAGS = "    -DNDEBUG  ";
				OTHER_LIBTOOLFLAGS = " ";
				OTHER_REZFLAGS = "";
				PRODUCT_NAME = glewmx;
				SECTORDER_FLAGS = "";
				SYMROOT = "/Users/marcelochsendorf/Desktop/SimpleTiledParser/glew-cmake-master/mac_build";
				USE_HEADERMAP = NO;
				WARNING_CFLAGS = ("-Wmost", "-Wno-four-char-constants", "-Wno-unknown-pragmas", "$(inherited)", );
			};
			name = Release;
		};
		07126F708A8F471D82CC0F3E /* Release */ = {
			isa = XCBuildConfiguration;
			buildSettings = {
				COMBINE_HIDPI_IMAGES = YES;
				CONFIGURATION_BUILD_DIR = "/Users/marcelochsendorf/Desktop/SimpleTiledParser/glew-cmake-master/mac_build/lib/Release";
				DYLIB_COMPATIBILITY_VERSION = "";
				DYLIB_CURRENT_VERSION = "";
				EXECUTABLE_PREFIX = lib;
				EXECUTABLE_SUFFIX = .dylib;
				GCC_GENERATE_DEBUGGING_SYMBOLS = NO;
				GCC_INLINES_ARE_PRIVATE_EXTERN = NO;
				GCC_OPTIMIZATION_LEVEL = 3;
				GCC_PREPROCESSOR_DEFINITIONS = ("'CMAKE_INTDIR=\"$(CONFIGURATION)$(EFFECTIVE_PLATFORM_NAME)\"'", libglewmx_shared_EXPORTS, GLEW_NO_GLU, );
				GCC_SYMBOLS_PRIVATE_EXTERN = NO;
				HEADER_SEARCH_PATHS = ("/Users/marcelochsendorf/Desktop/SimpleTiledParser/glew-cmake-master/include", );
				INSTALL_PATH = "/Users/marcelochsendorf/Desktop/SimpleTiledParser/glew-cmake-master/mac_build/lib/Release";
				LIBRARY_SEARCH_PATHS = "";
				LIBRARY_STYLE = DYNAMIC;
				OTHER_CFLAGS = "    -DNDEBUG -fPIC  ";
				OTHER_LDFLAGS = " -dynamiclib -Wl,-headerpad_max_install_names  -framework OpenGL -framework AGL";
				OTHER_REZFLAGS = "";
				PRODUCT_NAME = glewmx;
				SECTORDER_FLAGS = "";
				SYMROOT = "/Users/marcelochsendorf/Desktop/SimpleTiledParser/glew-cmake-master/mac_build";
				USE_HEADERMAP = NO;
				WARNING_CFLAGS = ("-Wmost", "-Wno-four-char-constants", "-Wno-unknown-pragmas", "$(inherited)", );
			};
			name = Release;
		};
		0D0EFEC256484B0790A91FA4 /* Debug */ = {
			isa = XCBuildConfiguration;
			buildSettings = {
				COMBINE_HIDPI_IMAGES = YES;
				CONFIGURATION_BUILD_DIR = "/Users/marcelochsendorf/Desktop/SimpleTiledParser/glew-cmake-master/mac_build/bin/Debug";
				EXECUTABLE_PREFIX = "";
				EXECUTABLE_SUFFIX = "";
				GCC_GENERATE_DEBUGGING_SYMBOLS = YES;
				GCC_INLINES_ARE_PRIVATE_EXTERN = NO;
				GCC_OPTIMIZATION_LEVEL = 0;
				GCC_PREPROCESSOR_DEFINITIONS = ("'CMAKE_INTDIR=\"$(CONFIGURATION)$(EFFECTIVE_PLATFORM_NAME)\"'", GLEW_NO_GLU, );
				GCC_SYMBOLS_PRIVATE_EXTERN = NO;
				HEADER_SEARCH_PATHS = ("/Users/marcelochsendorf/Desktop/SimpleTiledParser/glew-cmake-master/include", );
				INSTALL_PATH = "";
				LIBRARY_SEARCH_PATHS = "";
				OTHER_CFLAGS = "    ";
				OTHER_LDFLAGS = " -Wl,-search_paths_first -Wl,-headerpad_max_install_names  /Users/marcelochsendorf/Desktop/SimpleTiledParser/glew-cmake-master/mac_build/lib/Debug/libglewd.a -framework OpenGL -framework AGL";
				OTHER_REZFLAGS = "";
				PRODUCT_NAME = visualinfo;
				SECTORDER_FLAGS = "";
				SYMROOT = "/Users/marcelochsendorf/Desktop/SimpleTiledParser/glew-cmake-master/mac_build";
				USE_HEADERMAP = NO;
				WARNING_CFLAGS = ("-Wmost", "-Wno-four-char-constants", "-Wno-unknown-pragmas", "$(inherited)", );
			};
			name = Debug;
		};
		2057AB002DE24AD19C84C5CF /* Debug */ = {
			isa = XCBuildConfiguration;
			buildSettings = {
				COMBINE_HIDPI_IMAGES = YES;
				CONFIGURATION_BUILD_DIR = "/Users/marcelochsendorf/Desktop/SimpleTiledParser/glew-cmake-master/mac_build/lib/Debug";
				EXECUTABLE_PREFIX = lib;
				EXECUTABLE_SUFFIX = .a;
				GCC_GENERATE_DEBUGGING_SYMBOLS = YES;
				GCC_INLINES_ARE_PRIVATE_EXTERN = NO;
				GCC_OPTIMIZATION_LEVEL = 0;
				GCC_PREPROCESSOR_DEFINITIONS = ("'CMAKE_INTDIR=\"$(CONFIGURATION)$(EFFECTIVE_PLATFORM_NAME)\"'", GLEW_NO_GLU, );
				GCC_SYMBOLS_PRIVATE_EXTERN = NO;
				HEADER_SEARCH_PATHS = ("/Users/marcelochsendorf/Desktop/SimpleTiledParser/glew-cmake-master/include", );
				INSTALL_PATH = "";
				LIBRARY_STYLE = STATIC;
				OTHER_CFLAGS = "    ";
				OTHER_LIBTOOLFLAGS = " ";
				OTHER_REZFLAGS = "";
				PRODUCT_NAME = glewd;
				SECTORDER_FLAGS = "";
				SYMROOT = "/Users/marcelochsendorf/Desktop/SimpleTiledParser/glew-cmake-master/mac_build";
				USE_HEADERMAP = NO;
				WARNING_CFLAGS = ("-Wmost", "-Wno-four-char-constants", "-Wno-unknown-pragmas", "$(inherited)", );
			};
			name = Debug;
		};
		22358B53CBE24E8C97F90C4A /* RelWithDebInfo */ = {
			isa = XCBuildConfiguration;
			buildSettings = {
				COMBINE_HIDPI_IMAGES = YES;
				GCC_GENERATE_DEBUGGING_SYMBOLS = YES;
				GCC_INLINES_ARE_PRIVATE_EXTERN = NO;
				GCC_OPTIMIZATION_LEVEL = 0;
				GCC_PREPROCESSOR_DEFINITIONS = ("'CMAKE_INTDIR=\"$(CONFIGURATION)$(EFFECTIVE_PLATFORM_NAME)\"'", );
				GCC_SYMBOLS_PRIVATE_EXTERN = NO;
				HEADER_SEARCH_PATHS = ("/Users/marcelochsendorf/Desktop/SimpleTiledParser/glew-cmake-master/include", );
				INSTALL_PATH = "";
				OTHER_LDFLAGS = " ";
				OTHER_REZFLAGS = "";
				PRODUCT_NAME = ALL_BUILD;
				SECTORDER_FLAGS = "";
				SYMROOT = "/Users/marcelochsendorf/Desktop/SimpleTiledParser/glew-cmake-master/mac_build";
				USE_HEADERMAP = NO;
				WARNING_CFLAGS = ("-Wmost", "-Wno-four-char-constants", "-Wno-unknown-pragmas", "$(inherited)", );
			};
			name = RelWithDebInfo;
		};
		23D121D233FA4273A6CC40A7 /* MinSizeRel */ = {
			isa = XCBuildConfiguration;
			buildSettings = {
				COMBINE_HIDPI_IMAGES = YES;
				GCC_GENERATE_DEBUGGING_SYMBOLS = YES;
				GCC_INLINES_ARE_PRIVATE_EXTERN = NO;
				GCC_OPTIMIZATION_LEVEL = 0;
				GCC_PREPROCESSOR_DEFINITIONS = ("'CMAKE_INTDIR=\"$(CONFIGURATION)$(EFFECTIVE_PLATFORM_NAME)\"'", );
				GCC_SYMBOLS_PRIVATE_EXTERN = NO;
				HEADER_SEARCH_PATHS = ("/Users/marcelochsendorf/Desktop/SimpleTiledParser/glew-cmake-master/include", );
				INSTALL_PATH = "";
				OTHER_LDFLAGS = " ";
				OTHER_REZFLAGS = "";
				PRODUCT_NAME = install;
				SECTORDER_FLAGS = "";
				SYMROOT = "/Users/marcelochsendorf/Desktop/SimpleTiledParser/glew-cmake-master/mac_build";
				USE_HEADERMAP = NO;
				WARNING_CFLAGS = ("-Wmost", "-Wno-four-char-constants", "-Wno-unknown-pragmas", "$(inherited)", );
			};
			name = MinSizeRel;
		};
		2641701F77BD4732B895EE56 /* Debug */ = {
			isa = XCBuildConfiguration;
			buildSettings = {
				COMBINE_HIDPI_IMAGES = YES;
				GCC_GENERATE_DEBUGGING_SYMBOLS = YES;
				GCC_INLINES_ARE_PRIVATE_EXTERN = NO;
				GCC_OPTIMIZATION_LEVEL = 0;
				GCC_PREPROCESSOR_DEFINITIONS = ("'CMAKE_INTDIR=\"$(CONFIGURATION)$(EFFECTIVE_PLATFORM_NAME)\"'", );
				GCC_SYMBOLS_PRIVATE_EXTERN = NO;
				HEADER_SEARCH_PATHS = ("/Users/marcelochsendorf/Desktop/SimpleTiledParser/glew-cmake-master/include", );
				INSTALL_PATH = "";
				OTHER_LDFLAGS = " ";
				OTHER_REZFLAGS = "";
				PRODUCT_NAME = ALL_BUILD;
				SECTORDER_FLAGS = "";
				SYMROOT = "/Users/marcelochsendorf/Desktop/SimpleTiledParser/glew-cmake-master/mac_build";
				USE_HEADERMAP = NO;
				WARNING_CFLAGS = ("-Wmost", "-Wno-four-char-constants", "-Wno-unknown-pragmas", "$(inherited)", );
			};
			name = Debug;
		};
		29B2FAD86E8C46F7B8D263A8 /* RelWithDebInfo */ = {
			isa = XCBuildConfiguration;
			buildSettings = {
				COMBINE_HIDPI_IMAGES = YES;
				CONFIGURATION_BUILD_DIR = "/Users/marcelochsendorf/Desktop/SimpleTiledParser/glew-cmake-master/mac_build/bin/RelWithDebInfo";
				EXECUTABLE_PREFIX = "";
				EXECUTABLE_SUFFIX = "";
				GCC_GENERATE_DEBUGGING_SYMBOLS = YES;
				GCC_INLINES_ARE_PRIVATE_EXTERN = NO;
				GCC_OPTIMIZATION_LEVEL = 2;
				GCC_PREPROCESSOR_DEFINITIONS = ("'CMAKE_INTDIR=\"$(CONFIGURATION)$(EFFECTIVE_PLATFORM_NAME)\"'", GLEW_NO_GLU, );
				GCC_SYMBOLS_PRIVATE_EXTERN = NO;
				HEADER_SEARCH_PATHS = ("/Users/marcelochsendorf/Desktop/SimpleTiledParser/glew-cmake-master/include", );
				INSTALL_PATH = "";
				LIBRARY_SEARCH_PATHS = "";
				OTHER_CFLAGS = "       -DNDEBUG  ";
				OTHER_LDFLAGS = " -Wl,-search_paths_first -Wl,-headerpad_max_install_names  /Users/marcelochsendorf/Desktop/SimpleTiledParser/glew-cmake-master/mac_build/lib/RelWithDebInfo/libglew.a -framework OpenGL -framework AGL";
				OTHER_REZFLAGS = "";
				PRODUCT_NAME = glewinfo;
				SECTORDER_FLAGS = "";
				SYMROOT = "/Users/marcelochsendorf/Desktop/SimpleTiledParser/glew-cmake-master/mac_build";
				USE_HEADERMAP = NO;
				WARNING_CFLAGS = ("-Wmost", "-Wno-four-char-constants", "-Wno-unknown-pragmas", "$(inherited)", );
			};
			name = RelWithDebInfo;
		};
		2BCFC8B22852404E802A65C3 /* RelWithDebInfo */ = {
			isa = XCBuildConfiguration;
			buildSettings = {
				ONLY_ACTIVE_ARCH = YES;
				SDKROOT = /Applications/Xcode.app/Contents/Developer/Platforms/MacOSX.platform/Developer/SDKs/MacOSX10.11.sdk;
				SYMROOT = "/Users/marcelochsendorf/Desktop/SimpleTiledParser/glew-cmake-master/mac_build/build";
			};
			name = RelWithDebInfo;
		};
		2E10B1E83AED410E8F57D6E7 /* Debug */ = {
			isa = XCBuildConfiguration;
			buildSettings = {
				COMBINE_HIDPI_IMAGES = YES;
				GCC_GENERATE_DEBUGGING_SYMBOLS = YES;
				GCC_INLINES_ARE_PRIVATE_EXTERN = NO;
				GCC_OPTIMIZATION_LEVEL = 0;
				GCC_PREPROCESSOR_DEFINITIONS = ("'CMAKE_INTDIR=\"$(CONFIGURATION)$(EFFECTIVE_PLATFORM_NAME)\"'", );
				GCC_SYMBOLS_PRIVATE_EXTERN = NO;
				HEADER_SEARCH_PATHS = ("/Users/marcelochsendorf/Desktop/SimpleTiledParser/glew-cmake-master/include", );
				INSTALL_PATH = "";
				OTHER_LDFLAGS = " ";
				OTHER_REZFLAGS = "";
				PRODUCT_NAME = ZERO_CHECK;
				SECTORDER_FLAGS = "";
				SYMROOT = "/Users/marcelochsendorf/Desktop/SimpleTiledParser/glew-cmake-master/mac_build";
				USE_HEADERMAP = NO;
				WARNING_CFLAGS = ("-Wmost", "-Wno-four-char-constants", "-Wno-unknown-pragmas", "$(inherited)", );
			};
			name = Debug;
		};
		30AF6469D9F442E2B27545ED /* Debug */ = {
			isa = XCBuildConfiguration;
			buildSettings = {
				COMBINE_HIDPI_IMAGES = YES;
				CONFIGURATION_BUILD_DIR = "/Users/marcelochsendorf/Desktop/SimpleTiledParser/glew-cmake-master/mac_build/lib/Debug";
				DYLIB_COMPATIBILITY_VERSION = "";
				DYLIB_CURRENT_VERSION = "";
				EXECUTABLE_PREFIX = lib;
				EXECUTABLE_SUFFIX = .dylib;
				GCC_GENERATE_DEBUGGING_SYMBOLS = YES;
				GCC_INLINES_ARE_PRIVATE_EXTERN = NO;
				GCC_OPTIMIZATION_LEVEL = 0;
				GCC_PREPROCESSOR_DEFINITIONS = ("'CMAKE_INTDIR=\"$(CONFIGURATION)$(EFFECTIVE_PLATFORM_NAME)\"'", libglew_shared_EXPORTS, GLEW_NO_GLU, );
				GCC_SYMBOLS_PRIVATE_EXTERN = NO;
				HEADER_SEARCH_PATHS = ("/Users/marcelochsendorf/Desktop/SimpleTiledParser/glew-cmake-master/include", );
				INSTALL_PATH = "/Users/marcelochsendorf/Desktop/SimpleTiledParser/glew-cmake-master/mac_build/lib/Debug";
				LIBRARY_SEARCH_PATHS = "";
				LIBRARY_STYLE = DYNAMIC;
				OTHER_CFLAGS = "   -fPIC  ";
				OTHER_LDFLAGS = " -dynamiclib -Wl,-headerpad_max_install_names  -framework OpenGL -framework AGL";
				OTHER_REZFLAGS = "";
				PRODUCT_NAME = glewd;
				SECTORDER_FLAGS = "";
				SYMROOT = "/Users/marcelochsendorf/Desktop/SimpleTiledParser/glew-cmake-master/mac_build";
				USE_HEADERMAP = NO;
				WARNING_CFLAGS = ("-Wmost", "-Wno-four-char-constants", "-Wno-unknown-pragmas", "$(inherited)", );
			};
			name = Debug;
		};
		36BD049F2B214ADD825F7AC2 /* Debug */ = {
			isa = XCBuildConfiguration;
			buildSettings = {
				COMBINE_HIDPI_IMAGES = YES;
				CONFIGURATION_BUILD_DIR = "/Users/marcelochsendorf/Desktop/SimpleTiledParser/glew-cmake-master/mac_build/lib/Debug";
				EXECUTABLE_PREFIX = lib;
				EXECUTABLE_SUFFIX = .a;
				GCC_GENERATE_DEBUGGING_SYMBOLS = YES;
				GCC_INLINES_ARE_PRIVATE_EXTERN = NO;
				GCC_OPTIMIZATION_LEVEL = 0;
				GCC_PREPROCESSOR_DEFINITIONS = ("'CMAKE_INTDIR=\"$(CONFIGURATION)$(EFFECTIVE_PLATFORM_NAME)\"'", GLEW_NO_GLU, );
				GCC_SYMBOLS_PRIVATE_EXTERN = NO;
				HEADER_SEARCH_PATHS = ("/Users/marcelochsendorf/Desktop/SimpleTiledParser/glew-cmake-master/include", );
				INSTALL_PATH = "";
				LIBRARY_STYLE = STATIC;
				OTHER_CFLAGS = "    ";
				OTHER_LIBTOOLFLAGS = " ";
				OTHER_REZFLAGS = "";
				PRODUCT_NAME = glewmxd;
				SECTORDER_FLAGS = "";
				SYMROOT = "/Users/marcelochsendorf/Desktop/SimpleTiledParser/glew-cmake-master/mac_build";
				USE_HEADERMAP = NO;
				WARNING_CFLAGS = ("-Wmost", "-Wno-four-char-constants", "-Wno-unknown-pragmas", "$(inherited)", );
			};
			name = Debug;
		};
		38BA69AE1C964162BAE8F23A /* RelWithDebInfo */ = {
			isa = XCBuildConfiguration;
			buildSettings = {
				COMBINE_HIDPI_IMAGES = YES;
				GCC_GENERATE_DEBUGGING_SYMBOLS = YES;
				GCC_INLINES_ARE_PRIVATE_EXTERN = NO;
				GCC_OPTIMIZATION_LEVEL = 0;
				GCC_PREPROCESSOR_DEFINITIONS = ("'CMAKE_INTDIR=\"$(CONFIGURATION)$(EFFECTIVE_PLATFORM_NAME)\"'", );
				GCC_SYMBOLS_PRIVATE_EXTERN = NO;
				HEADER_SEARCH_PATHS = ("/Users/marcelochsendorf/Desktop/SimpleTiledParser/glew-cmake-master/include", );
				INSTALL_PATH = "";
				OTHER_LDFLAGS = " ";
				OTHER_REZFLAGS = "";
				PRODUCT_NAME = ZERO_CHECK;
				SECTORDER_FLAGS = "";
				SYMROOT = "/Users/marcelochsendorf/Desktop/SimpleTiledParser/glew-cmake-master/mac_build";
				USE_HEADERMAP = NO;
				WARNING_CFLAGS = ("-Wmost", "-Wno-four-char-constants", "-Wno-unknown-pragmas", "$(inherited)", );
			};
			name = RelWithDebInfo;
		};
		3AEFFD1825B84630A3B61A8D /* RelWithDebInfo */ = {
			isa = XCBuildConfiguration;
			buildSettings = {
				COMBINE_HIDPI_IMAGES = YES;
				CONFIGURATION_BUILD_DIR = "/Users/marcelochsendorf/Desktop/SimpleTiledParser/glew-cmake-master/mac_build/lib/RelWithDebInfo";
				EXECUTABLE_PREFIX = lib;
				EXECUTABLE_SUFFIX = .a;
				GCC_GENERATE_DEBUGGING_SYMBOLS = YES;
				GCC_INLINES_ARE_PRIVATE_EXTERN = NO;
				GCC_OPTIMIZATION_LEVEL = 2;
				GCC_PREPROCESSOR_DEFINITIONS = ("'CMAKE_INTDIR=\"$(CONFIGURATION)$(EFFECTIVE_PLATFORM_NAME)\"'", GLEW_NO_GLU, );
				GCC_SYMBOLS_PRIVATE_EXTERN = NO;
				HEADER_SEARCH_PATHS = ("/Users/marcelochsendorf/Desktop/SimpleTiledParser/glew-cmake-master/include", );
				INSTALL_PATH = "";
				LIBRARY_STYLE = STATIC;
				OTHER_CFLAGS = "       -DNDEBUG  ";
				OTHER_LIBTOOLFLAGS = " ";
				OTHER_REZFLAGS = "";
				PRODUCT_NAME = glewmx;
				SECTORDER_FLAGS = "";
				SYMROOT = "/Users/marcelochsendorf/Desktop/SimpleTiledParser/glew-cmake-master/mac_build";
				USE_HEADERMAP = NO;
				WARNING_CFLAGS = ("-Wmost", "-Wno-four-char-constants", "-Wno-unknown-pragmas", "$(inherited)", );
			};
			name = RelWithDebInfo;
		};
		4374380AB46B4C9FA0F5EBD8 /* MinSizeRel */ = {
			isa = XCBuildConfiguration;
			buildSettings = {
				COMBINE_HIDPI_IMAGES = YES;
				CONFIGURATION_BUILD_DIR = "/Users/marcelochsendorf/Desktop/SimpleTiledParser/glew-cmake-master/mac_build/bin/MinSizeRel";
				EXECUTABLE_PREFIX = "";
				EXECUTABLE_SUFFIX = "";
				GCC_GENERATE_DEBUGGING_SYMBOLS = NO;
				GCC_INLINES_ARE_PRIVATE_EXTERN = NO;
				GCC_OPTIMIZATION_LEVEL = s;
				GCC_PREPROCESSOR_DEFINITIONS = ("'CMAKE_INTDIR=\"$(CONFIGURATION)$(EFFECTIVE_PLATFORM_NAME)\"'", GLEW_NO_GLU, );
				GCC_SYMBOLS_PRIVATE_EXTERN = NO;
				HEADER_SEARCH_PATHS = ("/Users/marcelochsendorf/Desktop/SimpleTiledParser/glew-cmake-master/include", );
				INSTALL_PATH = "";
				LIBRARY_SEARCH_PATHS = "";
				OTHER_CFLAGS = "    -DNDEBUG  ";
				OTHER_LDFLAGS = " -Wl,-search_paths_first -Wl,-headerpad_max_install_names  /Users/marcelochsendorf/Desktop/SimpleTiledParser/glew-cmake-master/mac_build/lib/MinSizeRel/libglew.a -framework OpenGL -framework AGL";
				OTHER_REZFLAGS = "";
				PRODUCT_NAME = visualinfo;
				SECTORDER_FLAGS = "";
				SYMROOT = "/Users/marcelochsendorf/Desktop/SimpleTiledParser/glew-cmake-master/mac_build";
				USE_HEADERMAP = NO;
				WARNING_CFLAGS = ("-Wmost", "-Wno-four-char-constants", "-Wno-unknown-pragmas", "$(inherited)", );
			};
			name = MinSizeRel;
		};
		4901738734214947ACA97D8F /* Release */ = {
			isa = XCBuildConfiguration;
			buildSettings = {
				COMBINE_HIDPI_IMAGES = YES;
				GCC_GENERATE_DEBUGGING_SYMBOLS = YES;
				GCC_INLINES_ARE_PRIVATE_EXTERN = NO;
				GCC_OPTIMIZATION_LEVEL = 0;
				GCC_PREPROCESSOR_DEFINITIONS = ("'CMAKE_INTDIR=\"$(CONFIGURATION)$(EFFECTIVE_PLATFORM_NAME)\"'", );
				GCC_SYMBOLS_PRIVATE_EXTERN = NO;
				HEADER_SEARCH_PATHS = ("/Users/marcelochsendorf/Desktop/SimpleTiledParser/glew-cmake-master/include", );
				INSTALL_PATH = "";
				OTHER_LDFLAGS = " ";
				OTHER_REZFLAGS = "";
				PRODUCT_NAME = ALL_BUILD;
				SECTORDER_FLAGS = "";
				SYMROOT = "/Users/marcelochsendorf/Desktop/SimpleTiledParser/glew-cmake-master/mac_build";
				USE_HEADERMAP = NO;
				WARNING_CFLAGS = ("-Wmost", "-Wno-four-char-constants", "-Wno-unknown-pragmas", "$(inherited)", );
			};
			name = Release;
		};
		5E1180DF5E634D74A2A6CD9C /* RelWithDebInfo */ = {
			isa = XCBuildConfiguration;
			buildSettings = {
				COMBINE_HIDPI_IMAGES = YES;
				CONFIGURATION_BUILD_DIR = "/Users/marcelochsendorf/Desktop/SimpleTiledParser/glew-cmake-master/mac_build/bin/RelWithDebInfo";
				EXECUTABLE_PREFIX = "";
				EXECUTABLE_SUFFIX = "";
				GCC_GENERATE_DEBUGGING_SYMBOLS = YES;
				GCC_INLINES_ARE_PRIVATE_EXTERN = NO;
				GCC_OPTIMIZATION_LEVEL = 2;
				GCC_PREPROCESSOR_DEFINITIONS = ("'CMAKE_INTDIR=\"$(CONFIGURATION)$(EFFECTIVE_PLATFORM_NAME)\"'", GLEW_NO_GLU, );
				GCC_SYMBOLS_PRIVATE_EXTERN = NO;
				HEADER_SEARCH_PATHS = ("/Users/marcelochsendorf/Desktop/SimpleTiledParser/glew-cmake-master/include", );
				INSTALL_PATH = "";
				LIBRARY_SEARCH_PATHS = "";
				OTHER_CFLAGS = "       -DNDEBUG  ";
				OTHER_LDFLAGS = " -Wl,-search_paths_first -Wl,-headerpad_max_install_names  /Users/marcelochsendorf/Desktop/SimpleTiledParser/glew-cmake-master/mac_build/lib/RelWithDebInfo/libglew.a -framework OpenGL -framework AGL";
				OTHER_REZFLAGS = "";
				PRODUCT_NAME = visualinfo;
				SECTORDER_FLAGS = "";
				SYMROOT = "/Users/marcelochsendorf/Desktop/SimpleTiledParser/glew-cmake-master/mac_build";
				USE_HEADERMAP = NO;
				WARNING_CFLAGS = ("-Wmost", "-Wno-four-char-constants", "-Wno-unknown-pragmas", "$(inherited)", );
			};
			name = RelWithDebInfo;
		};
		605C9A1F5992439B8A5015F6 /* MinSizeRel */ = {
			isa = XCBuildConfiguration;
			buildSettings = {
				COMBINE_HIDPI_IMAGES = YES;
				GCC_GENERATE_DEBUGGING_SYMBOLS = YES;
				GCC_INLINES_ARE_PRIVATE_EXTERN = NO;
				GCC_OPTIMIZATION_LEVEL = 0;
				GCC_PREPROCESSOR_DEFINITIONS = ("'CMAKE_INTDIR=\"$(CONFIGURATION)$(EFFECTIVE_PLATFORM_NAME)\"'", );
				GCC_SYMBOLS_PRIVATE_EXTERN = NO;
				HEADER_SEARCH_PATHS = ("/Users/marcelochsendorf/Desktop/SimpleTiledParser/glew-cmake-master/include", );
				INSTALL_PATH = "";
				OTHER_LDFLAGS = " ";
				OTHER_REZFLAGS = "";
				PRODUCT_NAME = ALL_BUILD;
				SECTORDER_FLAGS = "";
				SYMROOT = "/Users/marcelochsendorf/Desktop/SimpleTiledParser/glew-cmake-master/mac_build";
				USE_HEADERMAP = NO;
				WARNING_CFLAGS = ("-Wmost", "-Wno-four-char-constants", "-Wno-unknown-pragmas", "$(inherited)", );
			};
			name = MinSizeRel;
		};
		6882A6F6931447CDBEF96C2F /* RelWithDebInfo */ = {
			isa = XCBuildConfiguration;
			buildSettings = {
				COMBINE_HIDPI_IMAGES = YES;
				CONFIGURATION_BUILD_DIR = "/Users/marcelochsendorf/Desktop/SimpleTiledParser/glew-cmake-master/mac_build/lib/RelWithDebInfo";
				DYLIB_COMPATIBILITY_VERSION = "";
				DYLIB_CURRENT_VERSION = "";
				EXECUTABLE_PREFIX = lib;
				EXECUTABLE_SUFFIX = .dylib;
				GCC_GENERATE_DEBUGGING_SYMBOLS = YES;
				GCC_INLINES_ARE_PRIVATE_EXTERN = NO;
				GCC_OPTIMIZATION_LEVEL = 2;
				GCC_PREPROCESSOR_DEFINITIONS = ("'CMAKE_INTDIR=\"$(CONFIGURATION)$(EFFECTIVE_PLATFORM_NAME)\"'", libglew_shared_EXPORTS, GLEW_NO_GLU, );
				GCC_SYMBOLS_PRIVATE_EXTERN = NO;
				HEADER_SEARCH_PATHS = ("/Users/marcelochsendorf/Desktop/SimpleTiledParser/glew-cmake-master/include", );
				INSTALL_PATH = "/Users/marcelochsendorf/Desktop/SimpleTiledParser/glew-cmake-master/mac_build/lib/RelWithDebInfo";
				LIBRARY_SEARCH_PATHS = "";
				LIBRARY_STYLE = DYNAMIC;
				OTHER_CFLAGS = "       -DNDEBUG -fPIC  ";
				OTHER_LDFLAGS = " -dynamiclib -Wl,-headerpad_max_install_names  -framework OpenGL -framework AGL";
				OTHER_REZFLAGS = "";
				PRODUCT_NAME = glew;
				SECTORDER_FLAGS = "";
				SYMROOT = "/Users/marcelochsendorf/Desktop/SimpleTiledParser/glew-cmake-master/mac_build";
				USE_HEADERMAP = NO;
				WARNING_CFLAGS = ("-Wmost", "-Wno-four-char-constants", "-Wno-unknown-pragmas", "$(inherited)", );
			};
			name = RelWithDebInfo;
		};
		6F893E5477AB4AD2B1325961 /* MinSizeRel */ = {
			isa = XCBuildConfiguration;
			buildSettings = {
				COMBINE_HIDPI_IMAGES = YES;
				CONFIGURATION_BUILD_DIR = "/Users/marcelochsendorf/Desktop/SimpleTiledParser/glew-cmake-master/mac_build/lib/MinSizeRel";
				DYLIB_COMPATIBILITY_VERSION = "";
				DYLIB_CURRENT_VERSION = "";
				EXECUTABLE_PREFIX = lib;
				EXECUTABLE_SUFFIX = .dylib;
				GCC_GENERATE_DEBUGGING_SYMBOLS = NO;
				GCC_INLINES_ARE_PRIVATE_EXTERN = NO;
				GCC_OPTIMIZATION_LEVEL = s;
				GCC_PREPROCESSOR_DEFINITIONS = ("'CMAKE_INTDIR=\"$(CONFIGURATION)$(EFFECTIVE_PLATFORM_NAME)\"'", libglew_shared_EXPORTS, GLEW_NO_GLU, );
				GCC_SYMBOLS_PRIVATE_EXTERN = NO;
				HEADER_SEARCH_PATHS = ("/Users/marcelochsendorf/Desktop/SimpleTiledParser/glew-cmake-master/include", );
				INSTALL_PATH = "/Users/marcelochsendorf/Desktop/SimpleTiledParser/glew-cmake-master/mac_build/lib/MinSizeRel";
				LIBRARY_SEARCH_PATHS = "";
				LIBRARY_STYLE = DYNAMIC;
				OTHER_CFLAGS = "    -DNDEBUG -fPIC  ";
				OTHER_LDFLAGS = " -dynamiclib -Wl,-headerpad_max_install_names  -framework OpenGL -framework AGL";
				OTHER_REZFLAGS = "";
				PRODUCT_NAME = glew;
				SECTORDER_FLAGS = "";
				SYMROOT = "/Users/marcelochsendorf/Desktop/SimpleTiledParser/glew-cmake-master/mac_build";
				USE_HEADERMAP = NO;
				WARNING_CFLAGS = ("-Wmost", "-Wno-four-char-constants", "-Wno-unknown-pragmas", "$(inherited)", );
			};
			name = MinSizeRel;
		};
		73AC0DFC338E49D7B5123998 /* MinSizeRel */ = {
			isa = XCBuildConfiguration;
			buildSettings = {
				COMBINE_HIDPI_IMAGES = YES;
				CONFIGURATION_BUILD_DIR = "/Users/marcelochsendorf/Desktop/SimpleTiledParser/glew-cmake-master/mac_build/lib/MinSizeRel";
				DYLIB_COMPATIBILITY_VERSION = "";
				DYLIB_CURRENT_VERSION = "";
				EXECUTABLE_PREFIX = lib;
				EXECUTABLE_SUFFIX = .dylib;
				GCC_GENERATE_DEBUGGING_SYMBOLS = NO;
				GCC_INLINES_ARE_PRIVATE_EXTERN = NO;
				GCC_OPTIMIZATION_LEVEL = s;
				GCC_PREPROCESSOR_DEFINITIONS = ("'CMAKE_INTDIR=\"$(CONFIGURATION)$(EFFECTIVE_PLATFORM_NAME)\"'", libglewmx_shared_EXPORTS, GLEW_NO_GLU, );
				GCC_SYMBOLS_PRIVATE_EXTERN = NO;
				HEADER_SEARCH_PATHS = ("/Users/marcelochsendorf/Desktop/SimpleTiledParser/glew-cmake-master/include", );
				INSTALL_PATH = "/Users/marcelochsendorf/Desktop/SimpleTiledParser/glew-cmake-master/mac_build/lib/MinSizeRel";
				LIBRARY_SEARCH_PATHS = "";
				LIBRARY_STYLE = DYNAMIC;
				OTHER_CFLAGS = "    -DNDEBUG -fPIC  ";
				OTHER_LDFLAGS = " -dynamiclib -Wl,-headerpad_max_install_names  -framework OpenGL -framework AGL";
				OTHER_REZFLAGS = "";
				PRODUCT_NAME = glewmx;
				SECTORDER_FLAGS = "";
				SYMROOT = "/Users/marcelochsendorf/Desktop/SimpleTiledParser/glew-cmake-master/mac_build";
				USE_HEADERMAP = NO;
				WARNING_CFLAGS = ("-Wmost", "-Wno-four-char-constants", "-Wno-unknown-pragmas", "$(inherited)", );
			};
			name = MinSizeRel;
		};
		7F0DD6FA55044C26A98687F5 /* MinSizeRel */ = {
			isa = XCBuildConfiguration;
			buildSettings = {
				COMBINE_HIDPI_IMAGES = YES;
				CONFIGURATION_BUILD_DIR = "/Users/marcelochsendorf/Desktop/SimpleTiledParser/glew-cmake-master/mac_build/lib/MinSizeRel";
				EXECUTABLE_PREFIX = lib;
				EXECUTABLE_SUFFIX = .a;
				GCC_GENERATE_DEBUGGING_SYMBOLS = NO;
				GCC_INLINES_ARE_PRIVATE_EXTERN = NO;
				GCC_OPTIMIZATION_LEVEL = s;
				GCC_PREPROCESSOR_DEFINITIONS = ("'CMAKE_INTDIR=\"$(CONFIGURATION)$(EFFECTIVE_PLATFORM_NAME)\"'", GLEW_NO_GLU, );
				GCC_SYMBOLS_PRIVATE_EXTERN = NO;
				HEADER_SEARCH_PATHS = ("/Users/marcelochsendorf/Desktop/SimpleTiledParser/glew-cmake-master/include", );
				INSTALL_PATH = "";
				LIBRARY_STYLE = STATIC;
				OTHER_CFLAGS = "    -DNDEBUG  ";
				OTHER_LIBTOOLFLAGS = " ";
				OTHER_REZFLAGS = "";
				PRODUCT_NAME = glewmx;
				SECTORDER_FLAGS = "";
				SYMROOT = "/Users/marcelochsendorf/Desktop/SimpleTiledParser/glew-cmake-master/mac_build";
				USE_HEADERMAP = NO;
				WARNING_CFLAGS = ("-Wmost", "-Wno-four-char-constants", "-Wno-unknown-pragmas", "$(inherited)", );
			};
			name = MinSizeRel;
		};
		830936EAF10E4D2592C240A7 /* Release */ = {
			isa = XCBuildConfiguration;
			buildSettings = {
				COMBINE_HIDPI_IMAGES = YES;
				GCC_GENERATE_DEBUGGING_SYMBOLS = YES;
				GCC_INLINES_ARE_PRIVATE_EXTERN = NO;
				GCC_OPTIMIZATION_LEVEL = 0;
				GCC_PREPROCESSOR_DEFINITIONS = ("'CMAKE_INTDIR=\"$(CONFIGURATION)$(EFFECTIVE_PLATFORM_NAME)\"'", );
				GCC_SYMBOLS_PRIVATE_EXTERN = NO;
				HEADER_SEARCH_PATHS = ("/Users/marcelochsendorf/Desktop/SimpleTiledParser/glew-cmake-master/include", );
				INSTALL_PATH = "";
				OTHER_LDFLAGS = " ";
				OTHER_REZFLAGS = "";
				PRODUCT_NAME = install;
				SECTORDER_FLAGS = "";
				SYMROOT = "/Users/marcelochsendorf/Desktop/SimpleTiledParser/glew-cmake-master/mac_build";
				USE_HEADERMAP = NO;
				WARNING_CFLAGS = ("-Wmost", "-Wno-four-char-constants", "-Wno-unknown-pragmas", "$(inherited)", );
			};
			name = Release;
		};
		93FA21EB8048468590A85213 /* Debug */ = {
			isa = XCBuildConfiguration;
			buildSettings = {
				ONLY_ACTIVE_ARCH = YES;
				SDKROOT = /Applications/Xcode.app/Contents/Developer/Platforms/MacOSX.platform/Developer/SDKs/MacOSX10.11.sdk;
				SYMROOT = "/Users/marcelochsendorf/Desktop/SimpleTiledParser/glew-cmake-master/mac_build/build";
			};
			name = Debug;
		};
		9F7521FE986244E1BA068C3A /* Release */ = {
			isa = XCBuildConfiguration;
			buildSettings = {
				COMBINE_HIDPI_IMAGES = YES;
				CONFIGURATION_BUILD_DIR = "/Users/marcelochsendorf/Desktop/SimpleTiledParser/glew-cmake-master/mac_build/bin/Release";
				EXECUTABLE_PREFIX = "";
				EXECUTABLE_SUFFIX = "";
				GCC_GENERATE_DEBUGGING_SYMBOLS = NO;
				GCC_INLINES_ARE_PRIVATE_EXTERN = NO;
				GCC_OPTIMIZATION_LEVEL = 3;
				GCC_PREPROCESSOR_DEFINITIONS = ("'CMAKE_INTDIR=\"$(CONFIGURATION)$(EFFECTIVE_PLATFORM_NAME)\"'", GLEW_NO_GLU, );
				GCC_SYMBOLS_PRIVATE_EXTERN = NO;
				HEADER_SEARCH_PATHS = ("/Users/marcelochsendorf/Desktop/SimpleTiledParser/glew-cmake-master/include", );
				INSTALL_PATH = "";
				LIBRARY_SEARCH_PATHS = "";
				OTHER_CFLAGS = "    -DNDEBUG  ";
				OTHER_LDFLAGS = " -Wl,-search_paths_first -Wl,-headerpad_max_install_names  /Users/marcelochsendorf/Desktop/SimpleTiledParser/glew-cmake-master/mac_build/lib/Release/libglew.a -framework OpenGL -framework AGL";
				OTHER_REZFLAGS = "";
				PRODUCT_NAME = glewinfo;
				SECTORDER_FLAGS = "";
				SYMROOT = "/Users/marcelochsendorf/Desktop/SimpleTiledParser/glew-cmake-master/mac_build";
				USE_HEADERMAP = NO;
				WARNING_CFLAGS = ("-Wmost", "-Wno-four-char-constants", "-Wno-unknown-pragmas", "$(inherited)", );
			};
			name = Release;
		};
		A8A6349098A540C294E447E9 /* Release */ = {
			isa = XCBuildConfiguration;
			buildSettings = {
				COMBINE_HIDPI_IMAGES = YES;
				CONFIGURATION_BUILD_DIR = "/Users/marcelochsendorf/Desktop/SimpleTiledParser/glew-cmake-master/mac_build/lib/Release";
				EXECUTABLE_PREFIX = lib;
				EXECUTABLE_SUFFIX = .a;
				GCC_GENERATE_DEBUGGING_SYMBOLS = NO;
				GCC_INLINES_ARE_PRIVATE_EXTERN = NO;
				GCC_OPTIMIZATION_LEVEL = 3;
				GCC_PREPROCESSOR_DEFINITIONS = ("'CMAKE_INTDIR=\"$(CONFIGURATION)$(EFFECTIVE_PLATFORM_NAME)\"'", GLEW_NO_GLU, );
				GCC_SYMBOLS_PRIVATE_EXTERN = NO;
				HEADER_SEARCH_PATHS = ("/Users/marcelochsendorf/Desktop/SimpleTiledParser/glew-cmake-master/include", );
				INSTALL_PATH = "";
				LIBRARY_STYLE = STATIC;
				OTHER_CFLAGS = "    -DNDEBUG  ";
				OTHER_LIBTOOLFLAGS = " ";
				OTHER_REZFLAGS = "";
				PRODUCT_NAME = glew;
				SECTORDER_FLAGS = "";
				SYMROOT = "/Users/marcelochsendorf/Desktop/SimpleTiledParser/glew-cmake-master/mac_build";
				USE_HEADERMAP = NO;
				WARNING_CFLAGS = ("-Wmost", "-Wno-four-char-constants", "-Wno-unknown-pragmas", "$(inherited)", );
			};
			name = Release;
		};
		ADC95EB313FE40B8A6FFD90F /* RelWithDebInfo */ = {
			isa = XCBuildConfiguration;
			buildSettings = {
				COMBINE_HIDPI_IMAGES = YES;
				CONFIGURATION_BUILD_DIR = "/Users/marcelochsendorf/Desktop/SimpleTiledParser/glew-cmake-master/mac_build/lib/RelWithDebInfo";
				EXECUTABLE_PREFIX = lib;
				EXECUTABLE_SUFFIX = .a;
				GCC_GENERATE_DEBUGGING_SYMBOLS = YES;
				GCC_INLINES_ARE_PRIVATE_EXTERN = NO;
				GCC_OPTIMIZATION_LEVEL = 2;
				GCC_PREPROCESSOR_DEFINITIONS = ("'CMAKE_INTDIR=\"$(CONFIGURATION)$(EFFECTIVE_PLATFORM_NAME)\"'", GLEW_NO_GLU, );
				GCC_SYMBOLS_PRIVATE_EXTERN = NO;
				HEADER_SEARCH_PATHS = ("/Users/marcelochsendorf/Desktop/SimpleTiledParser/glew-cmake-master/include", );
				INSTALL_PATH = "";
				LIBRARY_STYLE = STATIC;
				OTHER_CFLAGS = "       -DNDEBUG  ";
				OTHER_LIBTOOLFLAGS = " ";
				OTHER_REZFLAGS = "";
				PRODUCT_NAME = glew;
				SECTORDER_FLAGS = "";
				SYMROOT = "/Users/marcelochsendorf/Desktop/SimpleTiledParser/glew-cmake-master/mac_build";
				USE_HEADERMAP = NO;
				WARNING_CFLAGS = ("-Wmost", "-Wno-four-char-constants", "-Wno-unknown-pragmas", "$(inherited)", );
			};
			name = RelWithDebInfo;
		};
		AE9EBDF6D6504FA9B165D2B8 /* Debug */ = {
			isa = XCBuildConfiguration;
			buildSettings = {
				COMBINE_HIDPI_IMAGES = YES;
				GCC_GENERATE_DEBUGGING_SYMBOLS = YES;
				GCC_INLINES_ARE_PRIVATE_EXTERN = NO;
				GCC_OPTIMIZATION_LEVEL = 0;
				GCC_PREPROCESSOR_DEFINITIONS = ("'CMAKE_INTDIR=\"$(CONFIGURATION)$(EFFECTIVE_PLATFORM_NAME)\"'", );
				GCC_SYMBOLS_PRIVATE_EXTERN = NO;
				HEADER_SEARCH_PATHS = ("/Users/marcelochsendorf/Desktop/SimpleTiledParser/glew-cmake-master/include", );
				INSTALL_PATH = "";
				OTHER_LDFLAGS = " ";
				OTHER_REZFLAGS = "";
				PRODUCT_NAME = install;
				SECTORDER_FLAGS = "";
				SYMROOT = "/Users/marcelochsendorf/Desktop/SimpleTiledParser/glew-cmake-master/mac_build";
				USE_HEADERMAP = NO;
				WARNING_CFLAGS = ("-Wmost", "-Wno-four-char-constants", "-Wno-unknown-pragmas", "$(inherited)", );
			};
			name = Debug;
		};
		B4105F217A004D129552CEDC /* Release */ = {
			isa = XCBuildConfiguration;
			buildSettings = {
				COMBINE_HIDPI_IMAGES = YES;
				CONFIGURATION_BUILD_DIR = "/Users/marcelochsendorf/Desktop/SimpleTiledParser/glew-cmake-master/mac_build/lib/Release";
				DYLIB_COMPATIBILITY_VERSION = "";
				DYLIB_CURRENT_VERSION = "";
				EXECUTABLE_PREFIX = lib;
				EXECUTABLE_SUFFIX = .dylib;
				GCC_GENERATE_DEBUGGING_SYMBOLS = NO;
				GCC_INLINES_ARE_PRIVATE_EXTERN = NO;
				GCC_OPTIMIZATION_LEVEL = 3;
				GCC_PREPROCESSOR_DEFINITIONS = ("'CMAKE_INTDIR=\"$(CONFIGURATION)$(EFFECTIVE_PLATFORM_NAME)\"'", libglew_shared_EXPORTS, GLEW_NO_GLU, );
				GCC_SYMBOLS_PRIVATE_EXTERN = NO;
				HEADER_SEARCH_PATHS = ("/Users/marcelochsendorf/Desktop/SimpleTiledParser/glew-cmake-master/include", );
				INSTALL_PATH = "/Users/marcelochsendorf/Desktop/SimpleTiledParser/glew-cmake-master/mac_build/lib/Release";
				LIBRARY_SEARCH_PATHS = "";
				LIBRARY_STYLE = DYNAMIC;
				OTHER_CFLAGS = "    -DNDEBUG -fPIC  ";
				OTHER_LDFLAGS = " -dynamiclib -Wl,-headerpad_max_install_names  -framework OpenGL -framework AGL";
				OTHER_REZFLAGS = "";
				PRODUCT_NAME = glew;
				SECTORDER_FLAGS = "";
				SYMROOT = "/Users/marcelochsendorf/Desktop/SimpleTiledParser/glew-cmake-master/mac_build";
				USE_HEADERMAP = NO;
				WARNING_CFLAGS = ("-Wmost", "-Wno-four-char-constants", "-Wno-unknown-pragmas", "$(inherited)", );
			};
			name = Release;
		};
		BA796BA492C443CBB5CC84DD /* Release */ = {
			isa = XCBuildConfiguration;
			buildSettings = {
				ONLY_ACTIVE_ARCH = YES;
				SDKROOT = /Applications/Xcode.app/Contents/Developer/Platforms/MacOSX.platform/Developer/SDKs/MacOSX10.11.sdk;
				SYMROOT = "/Users/marcelochsendorf/Desktop/SimpleTiledParser/glew-cmake-master/mac_build/build";
			};
			name = Release;
		};
		C42AA87041AF4B599B86E049 /* Debug */ = {
			isa = XCBuildConfiguration;
			buildSettings = {
				COMBINE_HIDPI_IMAGES = YES;
				CONFIGURATION_BUILD_DIR = "/Users/marcelochsendorf/Desktop/SimpleTiledParser/glew-cmake-master/mac_build/bin/Debug";
				EXECUTABLE_PREFIX = "";
				EXECUTABLE_SUFFIX = "";
				GCC_GENERATE_DEBUGGING_SYMBOLS = YES;
				GCC_INLINES_ARE_PRIVATE_EXTERN = NO;
				GCC_OPTIMIZATION_LEVEL = 0;
				GCC_PREPROCESSOR_DEFINITIONS = ("'CMAKE_INTDIR=\"$(CONFIGURATION)$(EFFECTIVE_PLATFORM_NAME)\"'", GLEW_NO_GLU, );
				GCC_SYMBOLS_PRIVATE_EXTERN = NO;
				HEADER_SEARCH_PATHS = ("/Users/marcelochsendorf/Desktop/SimpleTiledParser/glew-cmake-master/include", );
				INSTALL_PATH = "";
				LIBRARY_SEARCH_PATHS = "";
				OTHER_CFLAGS = "    ";
				OTHER_LDFLAGS = " -Wl,-search_paths_first -Wl,-headerpad_max_install_names  /Users/marcelochsendorf/Desktop/SimpleTiledParser/glew-cmake-master/mac_build/lib/Debug/libglewd.a -framework OpenGL -framework AGL";
				OTHER_REZFLAGS = "";
				PRODUCT_NAME = glewinfo;
				SECTORDER_FLAGS = "";
				SYMROOT = "/Users/marcelochsendorf/Desktop/SimpleTiledParser/glew-cmake-master/mac_build";
				USE_HEADERMAP = NO;
				WARNING_CFLAGS = ("-Wmost", "-Wno-four-char-constants", "-Wno-unknown-pragmas", "$(inherited)", );
			};
			name = Debug;
		};
		DA4208B106DB4FAB9AA833CE /* MinSizeRel */ = {
			isa = XCBuildConfiguration;
			buildSettings = {
				ONLY_ACTIVE_ARCH = YES;
				SDKROOT = /Applications/Xcode.app/Contents/Developer/Platforms/MacOSX.platform/Developer/SDKs/MacOSX10.11.sdk;
				SYMROOT = "/Users/marcelochsendorf/Desktop/SimpleTiledParser/glew-cmake-master/mac_build/build";
			};
			name = MinSizeRel;
		};
		DF7C52CFEBCA44CB9A5998F3 /* Release */ = {
			isa = XCBuildConfiguration;
			buildSettings = {
				COMBINE_HIDPI_IMAGES = YES;
				CONFIGURATION_BUILD_DIR = "/Users/marcelochsendorf/Desktop/SimpleTiledParser/glew-cmake-master/mac_build/bin/Release";
				EXECUTABLE_PREFIX = "";
				EXECUTABLE_SUFFIX = "";
				GCC_GENERATE_DEBUGGING_SYMBOLS = NO;
				GCC_INLINES_ARE_PRIVATE_EXTERN = NO;
				GCC_OPTIMIZATION_LEVEL = 3;
				GCC_PREPROCESSOR_DEFINITIONS = ("'CMAKE_INTDIR=\"$(CONFIGURATION)$(EFFECTIVE_PLATFORM_NAME)\"'", GLEW_NO_GLU, );
				GCC_SYMBOLS_PRIVATE_EXTERN = NO;
				HEADER_SEARCH_PATHS = ("/Users/marcelochsendorf/Desktop/SimpleTiledParser/glew-cmake-master/include", );
				INSTALL_PATH = "";
				LIBRARY_SEARCH_PATHS = "";
				OTHER_CFLAGS = "    -DNDEBUG  ";
				OTHER_LDFLAGS = " -Wl,-search_paths_first -Wl,-headerpad_max_install_names  /Users/marcelochsendorf/Desktop/SimpleTiledParser/glew-cmake-master/mac_build/lib/Release/libglew.a -framework OpenGL -framework AGL";
				OTHER_REZFLAGS = "";
				PRODUCT_NAME = visualinfo;
				SECTORDER_FLAGS = "";
				SYMROOT = "/Users/marcelochsendorf/Desktop/SimpleTiledParser/glew-cmake-master/mac_build";
				USE_HEADERMAP = NO;
				WARNING_CFLAGS = ("-Wmost", "-Wno-four-char-constants", "-Wno-unknown-pragmas", "$(inherited)", );
			};
			name = Release;
		};
		E7110D06E8EF4FE4A4590DD3 /* Debug */ = {
			isa = XCBuildConfiguration;
			buildSettings = {
				COMBINE_HIDPI_IMAGES = YES;
				CONFIGURATION_BUILD_DIR = "/Users/marcelochsendorf/Desktop/SimpleTiledParser/glew-cmake-master/mac_build/lib/Debug";
				DYLIB_COMPATIBILITY_VERSION = "";
				DYLIB_CURRENT_VERSION = "";
				EXECUTABLE_PREFIX = lib;
				EXECUTABLE_SUFFIX = .dylib;
				GCC_GENERATE_DEBUGGING_SYMBOLS = YES;
				GCC_INLINES_ARE_PRIVATE_EXTERN = NO;
				GCC_OPTIMIZATION_LEVEL = 0;
				GCC_PREPROCESSOR_DEFINITIONS = ("'CMAKE_INTDIR=\"$(CONFIGURATION)$(EFFECTIVE_PLATFORM_NAME)\"'", libglewmx_shared_EXPORTS, GLEW_NO_GLU, );
				GCC_SYMBOLS_PRIVATE_EXTERN = NO;
				HEADER_SEARCH_PATHS = ("/Users/marcelochsendorf/Desktop/SimpleTiledParser/glew-cmake-master/include", );
				INSTALL_PATH = "/Users/marcelochsendorf/Desktop/SimpleTiledParser/glew-cmake-master/mac_build/lib/Debug";
				LIBRARY_SEARCH_PATHS = "";
				LIBRARY_STYLE = DYNAMIC;
				OTHER_CFLAGS = "   -fPIC  ";
				OTHER_LDFLAGS = " -dynamiclib -Wl,-headerpad_max_install_names  -framework OpenGL -framework AGL";
				OTHER_REZFLAGS = "";
				PRODUCT_NAME = glewmxd;
				SECTORDER_FLAGS = "";
				SYMROOT = "/Users/marcelochsendorf/Desktop/SimpleTiledParser/glew-cmake-master/mac_build";
				USE_HEADERMAP = NO;
				WARNING_CFLAGS = ("-Wmost", "-Wno-four-char-constants", "-Wno-unknown-pragmas", "$(inherited)", );
			};
			name = Debug;
		};
		F434E4433F8E4DE3BB5A6ED6 /* MinSizeRel */ = {
			isa = XCBuildConfiguration;
			buildSettings = {
				COMBINE_HIDPI_IMAGES = YES;
				GCC_GENERATE_DEBUGGING_SYMBOLS = YES;
				GCC_INLINES_ARE_PRIVATE_EXTERN = NO;
				GCC_OPTIMIZATION_LEVEL = 0;
				GCC_PREPROCESSOR_DEFINITIONS = ("'CMAKE_INTDIR=\"$(CONFIGURATION)$(EFFECTIVE_PLATFORM_NAME)\"'", );
				GCC_SYMBOLS_PRIVATE_EXTERN = NO;
				HEADER_SEARCH_PATHS = ("/Users/marcelochsendorf/Desktop/SimpleTiledParser/glew-cmake-master/include", );
				INSTALL_PATH = "";
				OTHER_LDFLAGS = " ";
				OTHER_REZFLAGS = "";
				PRODUCT_NAME = ZERO_CHECK;
				SECTORDER_FLAGS = "";
				SYMROOT = "/Users/marcelochsendorf/Desktop/SimpleTiledParser/glew-cmake-master/mac_build";
				USE_HEADERMAP = NO;
				WARNING_CFLAGS = ("-Wmost", "-Wno-four-char-constants", "-Wno-unknown-pragmas", "$(inherited)", );
			};
			name = MinSizeRel;
		};
		F6049BE151F94D099ECB13AD /* Release */ = {
			isa = XCBuildConfiguration;
			buildSettings = {
				COMBINE_HIDPI_IMAGES = YES;
				GCC_GENERATE_DEBUGGING_SYMBOLS = YES;
				GCC_INLINES_ARE_PRIVATE_EXTERN = NO;
				GCC_OPTIMIZATION_LEVEL = 0;
				GCC_PREPROCESSOR_DEFINITIONS = ("'CMAKE_INTDIR=\"$(CONFIGURATION)$(EFFECTIVE_PLATFORM_NAME)\"'", );
				GCC_SYMBOLS_PRIVATE_EXTERN = NO;
				HEADER_SEARCH_PATHS = ("/Users/marcelochsendorf/Desktop/SimpleTiledParser/glew-cmake-master/include", );
				INSTALL_PATH = "";
				OTHER_LDFLAGS = " ";
				OTHER_REZFLAGS = "";
				PRODUCT_NAME = ZERO_CHECK;
				SECTORDER_FLAGS = "";
				SYMROOT = "/Users/marcelochsendorf/Desktop/SimpleTiledParser/glew-cmake-master/mac_build";
				USE_HEADERMAP = NO;
				WARNING_CFLAGS = ("-Wmost", "-Wno-four-char-constants", "-Wno-unknown-pragmas", "$(inherited)", );
			};
			name = Release;
		};
		F7F94BB5E1294E5DB439C482 /* MinSizeRel */ = {
			isa = XCBuildConfiguration;
			buildSettings = {
				COMBINE_HIDPI_IMAGES = YES;
				CONFIGURATION_BUILD_DIR = "/Users/marcelochsendorf/Desktop/SimpleTiledParser/glew-cmake-master/mac_build/lib/MinSizeRel";
				EXECUTABLE_PREFIX = lib;
				EXECUTABLE_SUFFIX = .a;
				GCC_GENERATE_DEBUGGING_SYMBOLS = NO;
				GCC_INLINES_ARE_PRIVATE_EXTERN = NO;
				GCC_OPTIMIZATION_LEVEL = s;
				GCC_PREPROCESSOR_DEFINITIONS = ("'CMAKE_INTDIR=\"$(CONFIGURATION)$(EFFECTIVE_PLATFORM_NAME)\"'", GLEW_NO_GLU, );
				GCC_SYMBOLS_PRIVATE_EXTERN = NO;
				HEADER_SEARCH_PATHS = ("/Users/marcelochsendorf/Desktop/SimpleTiledParser/glew-cmake-master/include", );
				INSTALL_PATH = "";
				LIBRARY_STYLE = STATIC;
				OTHER_CFLAGS = "    -DNDEBUG  ";
				OTHER_LIBTOOLFLAGS = " ";
				OTHER_REZFLAGS = "";
				PRODUCT_NAME = glew;
				SECTORDER_FLAGS = "";
				SYMROOT = "/Users/marcelochsendorf/Desktop/SimpleTiledParser/glew-cmake-master/mac_build";
				USE_HEADERMAP = NO;
				WARNING_CFLAGS = ("-Wmost", "-Wno-four-char-constants", "-Wno-unknown-pragmas", "$(inherited)", );
			};
			name = MinSizeRel;
		};
		FB6D309B927644378D2677CD /* MinSizeRel */ = {
			isa = XCBuildConfiguration;
			buildSettings = {
				COMBINE_HIDPI_IMAGES = YES;
				CONFIGURATION_BUILD_DIR = "/Users/marcelochsendorf/Desktop/SimpleTiledParser/glew-cmake-master/mac_build/bin/MinSizeRel";
				EXECUTABLE_PREFIX = "";
				EXECUTABLE_SUFFIX = "";
				GCC_GENERATE_DEBUGGING_SYMBOLS = NO;
				GCC_INLINES_ARE_PRIVATE_EXTERN = NO;
				GCC_OPTIMIZATION_LEVEL = s;
				GCC_PREPROCESSOR_DEFINITIONS = ("'CMAKE_INTDIR=\"$(CONFIGURATION)$(EFFECTIVE_PLATFORM_NAME)\"'", GLEW_NO_GLU, );
				GCC_SYMBOLS_PRIVATE_EXTERN = NO;
				HEADER_SEARCH_PATHS = ("/Users/marcelochsendorf/Desktop/SimpleTiledParser/glew-cmake-master/include", );
				INSTALL_PATH = "";
				LIBRARY_SEARCH_PATHS = "";
				OTHER_CFLAGS = "    -DNDEBUG  ";
				OTHER_LDFLAGS = " -Wl,-search_paths_first -Wl,-headerpad_max_install_names  /Users/marcelochsendorf/Desktop/SimpleTiledParser/glew-cmake-master/mac_build/lib/MinSizeRel/libglew.a -framework OpenGL -framework AGL";
				OTHER_REZFLAGS = "";
				PRODUCT_NAME = glewinfo;
				SECTORDER_FLAGS = "";
				SYMROOT = "/Users/marcelochsendorf/Desktop/SimpleTiledParser/glew-cmake-master/mac_build";
				USE_HEADERMAP = NO;
				WARNING_CFLAGS = ("-Wmost", "-Wno-four-char-constants", "-Wno-unknown-pragmas", "$(inherited)", );
			};
			name = MinSizeRel;
		};
/* End XCBuildConfiguration section */

/* Begin XCConfigurationList section */
		1859FE4625C44348BA383904 /* Build configuration list for PBXNativeTarget "libglewmx_shared" */ = {
			isa = XCConfigurationList;
			buildConfigurations = (
				E7110D06E8EF4FE4A4590DD3 /* Debug */,
				07126F708A8F471D82CC0F3E /* Release */,
				73AC0DFC338E49D7B5123998 /* MinSizeRel */,
				00BFEC0DA2C14B789150A1F4 /* RelWithDebInfo */,
			);
			defaultConfigurationIsVisible = 0;
			defaultConfigurationName = Debug;
		};
		25B29FD29AA54357A682E2E5 /* Build configuration list for PBXAggregateTarget "install" */ = {
			isa = XCConfigurationList;
			buildConfigurations = (
				AE9EBDF6D6504FA9B165D2B8 /* Debug */,
				830936EAF10E4D2592C240A7 /* Release */,
				23D121D233FA4273A6CC40A7 /* MinSizeRel */,
				03366AAAE0EE49F6876F1DD5 /* RelWithDebInfo */,
			);
			defaultConfigurationIsVisible = 0;
			defaultConfigurationName = Debug;
		};
		3110ED05BE0B42618777E97C /* Build configuration list for PBXNativeTarget "glewinfo" */ = {
			isa = XCConfigurationList;
			buildConfigurations = (
				C42AA87041AF4B599B86E049 /* Debug */,
				9F7521FE986244E1BA068C3A /* Release */,
				FB6D309B927644378D2677CD /* MinSizeRel */,
				29B2FAD86E8C46F7B8D263A8 /* RelWithDebInfo */,
			);
			defaultConfigurationIsVisible = 0;
			defaultConfigurationName = Debug;
		};
		76A68E0C790448298DD12178 /* Build configuration list for PBXProject "glew" */ = {
			isa = XCConfigurationList;
			buildConfigurations = (
				93FA21EB8048468590A85213 /* Debug */,
				BA796BA492C443CBB5CC84DD /* Release */,
				DA4208B106DB4FAB9AA833CE /* MinSizeRel */,
				2BCFC8B22852404E802A65C3 /* RelWithDebInfo */,
			);
			defaultConfigurationIsVisible = 0;
			defaultConfigurationName = Debug;
		};
		7F57ABA827BA498B84C83562 /* Build configuration list for PBXNativeTarget "libglewmx_static" */ = {
			isa = XCConfigurationList;
			buildConfigurations = (
				36BD049F2B214ADD825F7AC2 /* Debug */,
				05061AA874D14FD8B01A5429 /* Release */,
				7F0DD6FA55044C26A98687F5 /* MinSizeRel */,
				3AEFFD1825B84630A3B61A8D /* RelWithDebInfo */,
			);
			defaultConfigurationIsVisible = 0;
			defaultConfigurationName = Debug;
		};
		A218E6BAE61241519EDDF054 /* Build configuration list for PBXAggregateTarget "ALL_BUILD" */ = {
			isa = XCConfigurationList;
			buildConfigurations = (
				2641701F77BD4732B895EE56 /* Debug */,
				4901738734214947ACA97D8F /* Release */,
				605C9A1F5992439B8A5015F6 /* MinSizeRel */,
				22358B53CBE24E8C97F90C4A /* RelWithDebInfo */,
			);
			defaultConfigurationIsVisible = 0;
			defaultConfigurationName = Debug;
		};
		A8B2D83B850747A19AD1BBB7 /* Build configuration list for PBXAggregateTarget "ZERO_CHECK" */ = {
			isa = XCConfigurationList;
			buildConfigurations = (
				2E10B1E83AED410E8F57D6E7 /* Debug */,
				F6049BE151F94D099ECB13AD /* Release */,
				F434E4433F8E4DE3BB5A6ED6 /* MinSizeRel */,
				38BA69AE1C964162BAE8F23A /* RelWithDebInfo */,
			);
			defaultConfigurationIsVisible = 0;
			defaultConfigurationName = Debug;
		};
		CF3957B73D1241E683054DAC /* Build configuration list for PBXNativeTarget "libglew_shared" */ = {
			isa = XCConfigurationList;
			buildConfigurations = (
				30AF6469D9F442E2B27545ED /* Debug */,
				B4105F217A004D129552CEDC /* Release */,
				6F893E5477AB4AD2B1325961 /* MinSizeRel */,
				6882A6F6931447CDBEF96C2F /* RelWithDebInfo */,
			);
			defaultConfigurationIsVisible = 0;
			defaultConfigurationName = Debug;
		};
		D804A2E537A94316A5B665AC /* Build configuration list for PBXNativeTarget "libglew_static" */ = {
			isa = XCConfigurationList;
			buildConfigurations = (
				2057AB002DE24AD19C84C5CF /* Debug */,
				A8A6349098A540C294E447E9 /* Release */,
				F7F94BB5E1294E5DB439C482 /* MinSizeRel */,
				ADC95EB313FE40B8A6FFD90F /* RelWithDebInfo */,
			);
			defaultConfigurationIsVisible = 0;
			defaultConfigurationName = Debug;
		};
		E5EA756786924AB8A20F510F /* Build configuration list for PBXNativeTarget "visualinfo" */ = {
			isa = XCConfigurationList;
			buildConfigurations = (
				0D0EFEC256484B0790A91FA4 /* Debug */,
				DF7C52CFEBCA44CB9A5998F3 /* Release */,
				4374380AB46B4C9FA0F5EBD8 /* MinSizeRel */,
				5E1180DF5E634D74A2A6CD9C /* RelWithDebInfo */,
			);
			defaultConfigurationIsVisible = 0;
			defaultConfigurationName = Debug;
		};
/* End XCConfigurationList section */
	};
	rootObject = 0BF4AA8F30504D0A8047B443 /* Project object */;
}
